// !$*UTF8*$!
{
	archiveVersion = 1;
	classes = {
	};
	objectVersion = 55;
	objects = {

/* Begin PBXBuildFile section */
		0C5DD8AD2EB6104E11464EF5 /* Pods_CarnivalWallet_CarnivalWalletUITests.framework in Frameworks */ = {isa = PBXBuildFile; fileRef = D5A7A1EAFF8415A0222AE361 /* Pods_CarnivalWallet_CarnivalWalletUITests.framework */; };
		2F6E130875CF428352879C57 /* Pods_CarnivalWallet.framework in Frameworks */ = {isa = PBXBuildFile; fileRef = 2B822DEB5DF43290C60FF4D7 /* Pods_CarnivalWallet.framework */; };
		982F3385DB472A39D9D3210A /* Pods_CarnivalWalletTests.framework in Frameworks */ = {isa = PBXBuildFile; fileRef = 61AA664BC39E44394134A810 /* Pods_CarnivalWalletTests.framework */; };
		B639AE042906E051008F4C72 /* Defaults.swift in Sources */ = {isa = PBXBuildFile; fileRef = B639AE032906E051008F4C72 /* Defaults.swift */; };
		B639AE08290829CE008F4C72 /* KeyStoreTest.swift in Sources */ = {isa = PBXBuildFile; fileRef = B639AE07290829CE008F4C72 /* KeyStoreTest.swift */; };
		B639AE0A2908B68E008F4C72 /* Utilities.swift in Sources */ = {isa = PBXBuildFile; fileRef = B639AE092908B68E008F4C72 /* Utilities.swift */; };
		B639AE0C29098326008F4C72 /* UIScreen+Extension.swift in Sources */ = {isa = PBXBuildFile; fileRef = B639AE0B29098326008F4C72 /* UIScreen+Extension.swift */; };
		B639AE0E2909869D008F4C72 /* Color+Extension.swift in Sources */ = {isa = PBXBuildFile; fileRef = B639AE0D2909869D008F4C72 /* Color+Extension.swift */; };
		B639AE13290CCB96008F4C72 /* BaseButton.swift in Sources */ = {isa = PBXBuildFile; fileRef = B639AE12290CCB96008F4C72 /* BaseButton.swift */; };
		B639AE17290CF5B1008F4C72 /* InitializeWalletViewModel.swift in Sources */ = {isa = PBXBuildFile; fileRef = B639AE16290CF5B1008F4C72 /* InitializeWalletViewModel.swift */; };
		B639AE1A290CFB10008F4C72 /* PasswordInputView.swift in Sources */ = {isa = PBXBuildFile; fileRef = B639AE19290CFB10008F4C72 /* PasswordInputView.swift */; };
		B639AE1C290CFB75008F4C72 /* PhraseInputView.swift in Sources */ = {isa = PBXBuildFile; fileRef = B639AE1B290CFB75008F4C72 /* PhraseInputView.swift */; };
		B639AE1E290D01A2008F4C72 /* PasswordStrengthTest.swift in Sources */ = {isa = PBXBuildFile; fileRef = B639AE1D290D01A2008F4C72 /* PasswordStrengthTest.swift */; };
		B639AE20290D0A13008F4C72 /* PasswordStrengthUtils.swift in Sources */ = {isa = PBXBuildFile; fileRef = B639AE1F290D0A13008F4C72 /* PasswordStrengthUtils.swift */; };
		B639AE22290D0E1F008F4C72 /* SencitiveTextField.swift in Sources */ = {isa = PBXBuildFile; fileRef = B639AE21290D0E1F008F4C72 /* SencitiveTextField.swift */; };
		B639AE2A290D252B008F4C72 /* SecurePhraseView.swift in Sources */ = {isa = PBXBuildFile; fileRef = B639AE29290D252B008F4C72 /* SecurePhraseView.swift */; };
		B639AE2C290D4EB2008F4C72 /* TextButton.swift in Sources */ = {isa = PBXBuildFile; fileRef = B639AE2B290D4EB2008F4C72 /* TextButton.swift */; };
		B639AE2E290D6050008F4C72 /* ValidatePhraseView.swift in Sources */ = {isa = PBXBuildFile; fileRef = B639AE2D290D6050008F4C72 /* ValidatePhraseView.swift */; };
		B639AE30290D6A0F008F4C72 /* ValidatePhraseViewModel.swift in Sources */ = {isa = PBXBuildFile; fileRef = B639AE2F290D6A0F008F4C72 /* ValidatePhraseViewModel.swift */; };
		B639AE35290D7806008F4C72 /* Coordinator.swift in Sources */ = {isa = PBXBuildFile; fileRef = B639AE34290D7806008F4C72 /* Coordinator.swift */; };
		B639AE382910180B008F4C72 /* CarnivalWallet.xcdatamodeld in Sources */ = {isa = PBXBuildFile; fileRef = B639AE362910180B008F4C72 /* CarnivalWallet.xcdatamodeld */; };
		B639AE4329101BA2008F4C72 /* CoreDataManager.swift in Sources */ = {isa = PBXBuildFile; fileRef = B639AE4229101BA2008F4C72 /* CoreDataManager.swift */; };
		B647F9D02902FE9500940C3B /* AttributedString+Extensions.swift in Sources */ = {isa = PBXBuildFile; fileRef = B647F9CF2902FE9500940C3B /* AttributedString+Extensions.swift */; };
		B647F9D42903056900940C3B /* HomeView.swift in Sources */ = {isa = PBXBuildFile; fileRef = B647F9D32903056900940C3B /* HomeView.swift */; };
		B647F9D9290310F900940C3B /* View+Extensions.swift in Sources */ = {isa = PBXBuildFile; fileRef = B647F9D8290310F900940C3B /* View+Extensions.swift */; };
		B647F9DE2903125500940C3B /* SideMenuView.swift in Sources */ = {isa = PBXBuildFile; fileRef = B647F9DD2903125500940C3B /* SideMenuView.swift */; };
		B647F9E0290315B900940C3B /* DeviceSize.swift in Sources */ = {isa = PBXBuildFile; fileRef = B647F9DF290315B900940C3B /* DeviceSize.swift */; };
		B647F9E229031E8D00940C3B /* MenuContentView.swift in Sources */ = {isa = PBXBuildFile; fileRef = B647F9E129031E8D00940C3B /* MenuContentView.swift */; };
		B647F9E5290327C700940C3B /* WelcomeView.swift in Sources */ = {isa = PBXBuildFile; fileRef = B647F9E4290327C700940C3B /* WelcomeView.swift */; };
		B647F9E7290327D800940C3B /* ImportPhraseView.swift in Sources */ = {isa = PBXBuildFile; fileRef = B647F9E6290327D800940C3B /* ImportPhraseView.swift */; };
		B647F9E9290327E800940C3B /* CreateWalletView.swift in Sources */ = {isa = PBXBuildFile; fileRef = B647F9E8290327E800940C3B /* CreateWalletView.swift */; };
		B647F9ED29032A2A00940C3B /* TextFont.swift in Sources */ = {isa = PBXBuildFile; fileRef = B647F9EC29032A2A00940C3B /* TextFont.swift */; };
		B647F9EF29033AA200940C3B /* TextField+Extensions.swift in Sources */ = {isa = PBXBuildFile; fileRef = B647F9EE29033AA200940C3B /* TextField+Extensions.swift */; };
		B647F9F529039DCF00940C3B /* String+Extensions.swift in Sources */ = {isa = PBXBuildFile; fileRef = B647F9F429039DCF00940C3B /* String+Extensions.swift */; };
		B647F9F929039F2800940C3B /* GenerateSecretPhraseTest.swift in Sources */ = {isa = PBXBuildFile; fileRef = B647F9F829039F2800940C3B /* GenerateSecretPhraseTest.swift */; };
		B647F9FB2903BFE400940C3B /* DeriveEthereumAddressTest.swift in Sources */ = {isa = PBXBuildFile; fileRef = B647F9FA2903BFE400940C3B /* DeriveEthereumAddressTest.swift */; };
		B647F9FF29066FB100940C3B /* UIFont+Extensions.swift in Sources */ = {isa = PBXBuildFile; fileRef = B647F9FE29066FB100940C3B /* UIFont+Extensions.swift */; };
		B647FA042906D23200940C3B /* KeychainManager.swift in Sources */ = {isa = PBXBuildFile; fileRef = B647FA032906D23200940C3B /* KeychainManager.swift */; };
		B647FA082906DB8800940C3B /* SecureManager.swift in Sources */ = {isa = PBXBuildFile; fileRef = B647FA072906DB8800940C3B /* SecureManager.swift */; };
		B6B11D6D29101DA5006F0591 /* AccountEntity+Extensions.swift in Sources */ = {isa = PBXBuildFile; fileRef = B6B11D6C29101DA5006F0591 /* AccountEntity+Extensions.swift */; };
		B6B11D6F2911704E006F0591 /* CoinIconView.swift in Sources */ = {isa = PBXBuildFile; fileRef = B6B11D6E2911704E006F0591 /* CoinIconView.swift */; };
		B6B11D71291176B7006F0591 /* NetworkMapper.swift in Sources */ = {isa = PBXBuildFile; fileRef = B6B11D70291176B7006F0591 /* NetworkMapper.swift */; };
		B6B11D732912B6BB006F0591 /* IconButton.swift in Sources */ = {isa = PBXBuildFile; fileRef = B6B11D722912B6BA006F0591 /* IconButton.swift */; };
		B6B11D762912BF7F006F0591 /* WalletInfoView.swift in Sources */ = {isa = PBXBuildFile; fileRef = B6B11D752912BF7F006F0591 /* WalletInfoView.swift */; };
		B6B11D782912C008006F0591 /* WalletFiatBalanceView.swift in Sources */ = {isa = PBXBuildFile; fileRef = B6B11D772912C008006F0591 /* WalletFiatBalanceView.swift */; };
		B6B11D7C2912C113006F0591 /* WalletCoinList.swift in Sources */ = {isa = PBXBuildFile; fileRef = B6B11D7B2912C113006F0591 /* WalletCoinList.swift */; };
		B6B11D7F2913DEC7006F0591 /* AccountViewModel.swift in Sources */ = {isa = PBXBuildFile; fileRef = B6B11D7E2913DEC7006F0591 /* AccountViewModel.swift */; };
		B6B11D812913FD9C006F0591 /* AccountUtils.swift in Sources */ = {isa = PBXBuildFile; fileRef = B6B11D802913FD9C006F0591 /* AccountUtils.swift */; };
		B6B6ED45292326AA0093902A /* ImportTokenView.swift in Sources */ = {isa = PBXBuildFile; fileRef = B6B6ED44292326AA0093902A /* ImportTokenView.swift */; };
		B6B6ED472923290D0093902A /* TokenAddressTextField.swift in Sources */ = {isa = PBXBuildFile; fileRef = B6B6ED462923290D0093902A /* TokenAddressTextField.swift */; };
		B6B80E8029252D2A00995210 /* ScannerViewController.swift in Sources */ = {isa = PBXBuildFile; fileRef = B6B80E7F29252D2A00995210 /* ScannerViewController.swift */; };
		B6B80E8229252D9D00995210 /* ScannerView.swift in Sources */ = {isa = PBXBuildFile; fileRef = B6B80E8129252D9D00995210 /* ScannerView.swift */; };
		B6B80E932928AFBC00995210 /* TokenInfoProvider.swift in Sources */ = {isa = PBXBuildFile; fileRef = B6B80E922928AFBC00995210 /* TokenInfoProvider.swift */; };
		B6B80E962928AFCD00995210 /* TokenInfo.swift in Sources */ = {isa = PBXBuildFile; fileRef = B6B80E952928AFCD00995210 /* TokenInfo.swift */; };
		B6B80E982928C42E00995210 /* ImportTokenViewModel.swift in Sources */ = {isa = PBXBuildFile; fileRef = B6B80E972928C42E00995210 /* ImportTokenViewModel.swift */; };
		B6B80E9A2928C72700995210 /* ERC20ABIFunction.swift in Sources */ = {isa = PBXBuildFile; fileRef = B6B80E992928C72700995210 /* ERC20ABIFunction.swift */; };
		B6B80E9C2928CD4300995210 /* ParseError.swift in Sources */ = {isa = PBXBuildFile; fileRef = B6B80E9B2928CD4300995210 /* ParseError.swift */; };
		B6B80EA4292948ED00995210 /* TokenInfoRow.swift in Sources */ = {isa = PBXBuildFile; fileRef = B6B80EA3292948ED00995210 /* TokenInfoRow.swift */; };
		B6B80EA6292BC9F000995210 /* TransactionViewController.swift in Sources */ = {isa = PBXBuildFile; fileRef = B6B80EA5292BC9F000995210 /* TransactionViewController.swift */; };
		B6B80EA8292BCD7B00995210 /* SendView.swift in Sources */ = {isa = PBXBuildFile; fileRef = B6B80EA7292BCD7B00995210 /* SendView.swift */; };
		B6B80EAF292CF35400995210 /* SendAmountView.swift in Sources */ = {isa = PBXBuildFile; fileRef = B6B80EAE292CF35400995210 /* SendAmountView.swift */; };
		B6B80EB2292D002D00995210 /* CoinSelectorSheet.swift in Sources */ = {isa = PBXBuildFile; fileRef = B6B80EB1292D002D00995210 /* CoinSelectorSheet.swift */; };
		B6B80EB4292E4EDA00995210 /* RawData.swift in Sources */ = {isa = PBXBuildFile; fileRef = B6B80EB3292E4EDA00995210 /* RawData.swift */; };
		B6B80EB6292E4EE300995210 /* DataType.swift in Sources */ = {isa = PBXBuildFile; fileRef = B6B80EB5292E4EE300995210 /* DataType.swift */; };
		B6B80EB8292E4F0600995210 /* TransactionViewModel.swift in Sources */ = {isa = PBXBuildFile; fileRef = B6B80EB7292E4F0600995210 /* TransactionViewModel.swift */; };
		B6B80EBA292E53F900995210 /* TransactionView.swift in Sources */ = {isa = PBXBuildFile; fileRef = B6B80EB9292E53F900995210 /* TransactionView.swift */; };
		B6B80EBE292E7DE200995210 /* DividerView.swift in Sources */ = {isa = PBXBuildFile; fileRef = B6B80EBD292E7DE200995210 /* DividerView.swift */; };
		B6B80EC02930E20100995210 /* NonceRequest.swift in Sources */ = {isa = PBXBuildFile; fileRef = B6B80EBF2930E20100995210 /* NonceRequest.swift */; };
		B6B80EC22930E40D00995210 /* EstimateGasRequest.swift in Sources */ = {isa = PBXBuildFile; fileRef = B6B80EC12930E40D00995210 /* EstimateGasRequest.swift */; };
		B6B80EC62930E6FF00995210 /* GasPriceRequest.swift in Sources */ = {isa = PBXBuildFile; fileRef = B6B80EC52930E6FF00995210 /* GasPriceRequest.swift */; };
		B6B80ECC2930EB7100995210 /* NonceProvider.swift in Sources */ = {isa = PBXBuildFile; fileRef = B6B80ECB2930EB7100995210 /* NonceProvider.swift */; };
		B6B80ECE2930EB8000995210 /* EstimateGasProvider.swift in Sources */ = {isa = PBXBuildFile; fileRef = B6B80ECD2930EB8000995210 /* EstimateGasProvider.swift */; };
		B6B80ED02930EB8900995210 /* GasPriceProvider.swift in Sources */ = {isa = PBXBuildFile; fileRef = B6B80ECF2930EB8900995210 /* GasPriceProvider.swift */; };
		B6B80ED22931A9A800995210 /* SendTransactionRequest.swift in Sources */ = {isa = PBXBuildFile; fileRef = B6B80ED12931A9A800995210 /* SendTransactionRequest.swift */; };
		B6B80ED42931AA2D00995210 /* SendTransactionProvider.swift in Sources */ = {isa = PBXBuildFile; fileRef = B6B80ED32931AA2D00995210 /* SendTransactionProvider.swift */; };
		B6B80ED62931F76D00995210 /* TransactionPresenter.swift in Sources */ = {isa = PBXBuildFile; fileRef = B6B80ED52931F76D00995210 /* TransactionPresenter.swift */; };
		B6B80ED82931F78100995210 /* TransactionViewObject.swift in Sources */ = {isa = PBXBuildFile; fileRef = B6B80ED72931F78100995210 /* TransactionViewObject.swift */; };
		B6B80EDB2932183A00995210 /* ERC20Decoder.swift in Sources */ = {isa = PBXBuildFile; fileRef = B6B80EDA2932183A00995210 /* ERC20Decoder.swift */; };
		B6B80EDD29328F5800995210 /* TransactionCoordinator.swift in Sources */ = {isa = PBXBuildFile; fileRef = B6B80EDC29328F5800995210 /* TransactionCoordinator.swift */; };
		B6C204A52915577100B11E72 /* WalletManager.swift in Sources */ = {isa = PBXBuildFile; fileRef = B6C204A42915577100B11E72 /* WalletManager.swift */; };
		B6C204A72915F1EA00B11E72 /* Coin+Extensions.swift in Sources */ = {isa = PBXBuildFile; fileRef = B6C204A62915F1EA00B11E72 /* Coin+Extensions.swift */; };
		B6C204A92915F35400B11E72 /* MainCoordinator.swift in Sources */ = {isa = PBXBuildFile; fileRef = B6C204A82915F35400B11E72 /* MainCoordinator.swift */; };
		B6C204B229162A9C00B11E72 /* MenuSection.swift in Sources */ = {isa = PBXBuildFile; fileRef = B6C204B129162A9C00B11E72 /* MenuSection.swift */; };
		B6C204B429162AB300B11E72 /* MenuItem.swift in Sources */ = {isa = PBXBuildFile; fileRef = B6C204B329162AB300B11E72 /* MenuItem.swift */; };
		B6C204B9291640C600B11E72 /* AccountInfoView.swift in Sources */ = {isa = PBXBuildFile; fileRef = B6C204B8291640C600B11E72 /* AccountInfoView.swift */; };
		B6C204BB2916415F00B11E72 /* MenuListView.swift in Sources */ = {isa = PBXBuildFile; fileRef = B6C204BA2916415F00B11E72 /* MenuListView.swift */; };
		B6C204BD2916468900B11E72 /* WalletViewModel.swift in Sources */ = {isa = PBXBuildFile; fileRef = B6C204BC2916468900B11E72 /* WalletViewModel.swift */; };
		B6C204C029164EDB00B11E72 /* EtherServiceRequest.swift in Sources */ = {isa = PBXBuildFile; fileRef = B6C204BF29164EDB00B11E72 /* EtherServiceRequest.swift */; };
		B6C204C32916510300B11E72 /* BalanceRequest.swift in Sources */ = {isa = PBXBuildFile; fileRef = B6C204C22916510300B11E72 /* BalanceRequest.swift */; };
		B6C204C52916532D00B11E72 /* BalanceRequestTests.swift in Sources */ = {isa = PBXBuildFile; fileRef = B6C204C42916532D00B11E72 /* BalanceRequestTests.swift */; };
		B6C204CA2917993600B11E72 /* CastError.swift in Sources */ = {isa = PBXBuildFile; fileRef = B6C204C92917993600B11E72 /* CastError.swift */; };
		B6C204CC29179A7E00B11E72 /* JsonRpcRequest.swift in Sources */ = {isa = PBXBuildFile; fileRef = B6C204CB29179A7E00B11E72 /* JsonRpcRequest.swift */; };
		B6C204D029179E9600B11E72 /* BalanceProvider.swift in Sources */ = {isa = PBXBuildFile; fileRef = B6C204CF29179E9600B11E72 /* BalanceProvider.swift */; };
		B6C204D22917A5BE00B11E72 /* Session+Extension.swift in Sources */ = {isa = PBXBuildFile; fileRef = B6C204D12917A5BE00B11E72 /* Session+Extension.swift */; };
		B6C204D42917AECD00B11E72 /* CallRequest.swift in Sources */ = {isa = PBXBuildFile; fileRef = B6C204D32917AECD00B11E72 /* CallRequest.swift */; };
		B6C204D62917AF1F00B11E72 /* TokenBalanceProvider.swift in Sources */ = {isa = PBXBuildFile; fileRef = B6C204D52917AF1F00B11E72 /* TokenBalanceProvider.swift */; };
		B6C204D92917B7E900B11E72 /* ERC20Encoder.swift in Sources */ = {isa = PBXBuildFile; fileRef = B6C204D82917B7E900B11E72 /* ERC20Encoder.swift */; };
		B6C204E12917FC1900B11E72 /* TestableWallet.swift in Sources */ = {isa = PBXBuildFile; fileRef = B6C204E02917FC1900B11E72 /* TestableWallet.swift */; };
		B6C204E3291BFCD600B11E72 /* BalanceProviderImpl.swift in Sources */ = {isa = PBXBuildFile; fileRef = B6C204E2291BFCD600B11E72 /* BalanceProviderImpl.swift */; };
		B6C204E5291C8CBC00B11E72 /* EtherNumberFormatter.swift in Sources */ = {isa = PBXBuildFile; fileRef = B6C204E4291C8CBC00B11E72 /* EtherNumberFormatter.swift */; };
		B6C204E7291C910F00B11E72 /* EtherNumberFormatterTests.swift in Sources */ = {isa = PBXBuildFile; fileRef = B6C204E6291C910F00B11E72 /* EtherNumberFormatterTests.swift */; };
		B6C204E92923204000B11E72 /* EthereumUnit.swift in Sources */ = {isa = PBXBuildFile; fileRef = B6C204E82923204000B11E72 /* EthereumUnit.swift */; };
		B6C204EB292323F400B11E72 /* WalletCoinListItem.swift in Sources */ = {isa = PBXBuildFile; fileRef = B6C204EA292323F400B11E72 /* WalletCoinListItem.swift */; };
		B6C204EE2923243800B11E72 /* WalletCoinListItemViewModel.swift in Sources */ = {isa = PBXBuildFile; fileRef = B6C204ED2923243800B11E72 /* WalletCoinListItemViewModel.swift */; };
		B6F760C628FC256B006BEF79 /* AppDelegate.swift in Sources */ = {isa = PBXBuildFile; fileRef = B6F760C528FC256B006BEF79 /* AppDelegate.swift */; };
		B6F760C828FC256B006BEF79 /* SceneDelegate.swift in Sources */ = {isa = PBXBuildFile; fileRef = B6F760C728FC256B006BEF79 /* SceneDelegate.swift */; };
		B6F760CF28FC256C006BEF79 /* Assets.xcassets in Resources */ = {isa = PBXBuildFile; fileRef = B6F760CE28FC256C006BEF79 /* Assets.xcassets */; };
		B6F760D228FC256C006BEF79 /* LaunchScreen.storyboard in Resources */ = {isa = PBXBuildFile; fileRef = B6F760D028FC256C006BEF79 /* LaunchScreen.storyboard */; };
		B6F760DD28FC256C006BEF79 /* CarnivalWalletTests.swift in Sources */ = {isa = PBXBuildFile; fileRef = B6F760DC28FC256C006BEF79 /* CarnivalWalletTests.swift */; };
		B6F760E728FC256C006BEF79 /* CarnivalWalletUITests.swift in Sources */ = {isa = PBXBuildFile; fileRef = B6F760E628FC256C006BEF79 /* CarnivalWalletUITests.swift */; };
		B6F760E928FC256C006BEF79 /* CarnivalWalletUITestsLaunchTests.swift in Sources */ = {isa = PBXBuildFile; fileRef = B6F760E828FC256C006BEF79 /* CarnivalWalletUITestsLaunchTests.swift */; };
		B6F7610128FC275C006BEF79 /* WalletView.swift in Sources */ = {isa = PBXBuildFile; fileRef = B6F7610028FC275C006BEF79 /* WalletView.swift */; };
		B6F7610328FC2781006BEF79 /* BrowserView.swift in Sources */ = {isa = PBXBuildFile; fileRef = B6F7610228FC2781006BEF79 /* BrowserView.swift */; };
		B6F7610528FC278E006BEF79 /* WalletConnectView.swift in Sources */ = {isa = PBXBuildFile; fileRef = B6F7610428FC278E006BEF79 /* WalletConnectView.swift */; };
/* End PBXBuildFile section */

/* Begin PBXContainerItemProxy section */
		B6F760D928FC256C006BEF79 /* PBXContainerItemProxy */ = {
			isa = PBXContainerItemProxy;
			containerPortal = B6F760BA28FC256B006BEF79 /* Project object */;
			proxyType = 1;
			remoteGlobalIDString = B6F760C128FC256B006BEF79;
			remoteInfo = CarnivalWallet;
		};
		B6F760E328FC256C006BEF79 /* PBXContainerItemProxy */ = {
			isa = PBXContainerItemProxy;
			containerPortal = B6F760BA28FC256B006BEF79 /* Project object */;
			proxyType = 1;
			remoteGlobalIDString = B6F760C128FC256B006BEF79;
			remoteInfo = CarnivalWallet;
		};
/* End PBXContainerItemProxy section */

/* Begin PBXFileReference section */
		0877E698CF081EFAA56E35AC /* Pods-CarnivalWalletTests.debug.xcconfig */ = {isa = PBXFileReference; includeInIndex = 1; lastKnownFileType = text.xcconfig; name = "Pods-CarnivalWalletTests.debug.xcconfig"; path = "Target Support Files/Pods-CarnivalWalletTests/Pods-CarnivalWalletTests.debug.xcconfig"; sourceTree = "<group>"; };
		2B822DEB5DF43290C60FF4D7 /* Pods_CarnivalWallet.framework */ = {isa = PBXFileReference; explicitFileType = wrapper.framework; includeInIndex = 0; path = Pods_CarnivalWallet.framework; sourceTree = BUILT_PRODUCTS_DIR; };
		44E82EA0172E069042F2835A /* Pods-CarnivalWalletTests.release.xcconfig */ = {isa = PBXFileReference; includeInIndex = 1; lastKnownFileType = text.xcconfig; name = "Pods-CarnivalWalletTests.release.xcconfig"; path = "Target Support Files/Pods-CarnivalWalletTests/Pods-CarnivalWalletTests.release.xcconfig"; sourceTree = "<group>"; };
		61AA664BC39E44394134A810 /* Pods_CarnivalWalletTests.framework */ = {isa = PBXFileReference; explicitFileType = wrapper.framework; includeInIndex = 0; path = Pods_CarnivalWalletTests.framework; sourceTree = BUILT_PRODUCTS_DIR; };
		896EBA476A691B7544CCDF74 /* Pods-CarnivalWallet-CarnivalWalletUITests.debug.xcconfig */ = {isa = PBXFileReference; includeInIndex = 1; lastKnownFileType = text.xcconfig; name = "Pods-CarnivalWallet-CarnivalWalletUITests.debug.xcconfig"; path = "Target Support Files/Pods-CarnivalWallet-CarnivalWalletUITests/Pods-CarnivalWallet-CarnivalWalletUITests.debug.xcconfig"; sourceTree = "<group>"; };
		929FAF3B8D6B7FB9526A69A9 /* Pods-CarnivalWallet-CarnivalWalletUITests.release.xcconfig */ = {isa = PBXFileReference; includeInIndex = 1; lastKnownFileType = text.xcconfig; name = "Pods-CarnivalWallet-CarnivalWalletUITests.release.xcconfig"; path = "Target Support Files/Pods-CarnivalWallet-CarnivalWalletUITests/Pods-CarnivalWallet-CarnivalWalletUITests.release.xcconfig"; sourceTree = "<group>"; };
		AC2F7F2F58EB14B89FB398B1 /* Pods-CarnivalWallet.debug.xcconfig */ = {isa = PBXFileReference; includeInIndex = 1; lastKnownFileType = text.xcconfig; name = "Pods-CarnivalWallet.debug.xcconfig"; path = "Target Support Files/Pods-CarnivalWallet/Pods-CarnivalWallet.debug.xcconfig"; sourceTree = "<group>"; };
		B639AE032906E051008F4C72 /* Defaults.swift */ = {isa = PBXFileReference; lastKnownFileType = sourcecode.swift; path = Defaults.swift; sourceTree = "<group>"; };
		B639AE07290829CE008F4C72 /* KeyStoreTest.swift */ = {isa = PBXFileReference; lastKnownFileType = sourcecode.swift; path = KeyStoreTest.swift; sourceTree = "<group>"; };
		B639AE092908B68E008F4C72 /* Utilities.swift */ = {isa = PBXFileReference; lastKnownFileType = sourcecode.swift; path = Utilities.swift; sourceTree = "<group>"; };
		B639AE0B29098326008F4C72 /* UIScreen+Extension.swift */ = {isa = PBXFileReference; lastKnownFileType = sourcecode.swift; path = "UIScreen+Extension.swift"; sourceTree = "<group>"; };
		B639AE0D2909869D008F4C72 /* Color+Extension.swift */ = {isa = PBXFileReference; lastKnownFileType = sourcecode.swift; path = "Color+Extension.swift"; sourceTree = "<group>"; };
		B639AE12290CCB96008F4C72 /* BaseButton.swift */ = {isa = PBXFileReference; lastKnownFileType = sourcecode.swift; path = BaseButton.swift; sourceTree = "<group>"; };
		B639AE16290CF5B1008F4C72 /* InitializeWalletViewModel.swift */ = {isa = PBXFileReference; lastKnownFileType = sourcecode.swift; path = InitializeWalletViewModel.swift; sourceTree = "<group>"; };
		B639AE19290CFB10008F4C72 /* PasswordInputView.swift */ = {isa = PBXFileReference; lastKnownFileType = sourcecode.swift; path = PasswordInputView.swift; sourceTree = "<group>"; };
		B639AE1B290CFB75008F4C72 /* PhraseInputView.swift */ = {isa = PBXFileReference; lastKnownFileType = sourcecode.swift; path = PhraseInputView.swift; sourceTree = "<group>"; };
		B639AE1D290D01A2008F4C72 /* PasswordStrengthTest.swift */ = {isa = PBXFileReference; lastKnownFileType = sourcecode.swift; path = PasswordStrengthTest.swift; sourceTree = "<group>"; };
		B639AE1F290D0A13008F4C72 /* PasswordStrengthUtils.swift */ = {isa = PBXFileReference; lastKnownFileType = sourcecode.swift; path = PasswordStrengthUtils.swift; sourceTree = "<group>"; };
		B639AE21290D0E1F008F4C72 /* SencitiveTextField.swift */ = {isa = PBXFileReference; lastKnownFileType = sourcecode.swift; path = SencitiveTextField.swift; sourceTree = "<group>"; };
		B639AE29290D252B008F4C72 /* SecurePhraseView.swift */ = {isa = PBXFileReference; lastKnownFileType = sourcecode.swift; path = SecurePhraseView.swift; sourceTree = "<group>"; };
		B639AE2B290D4EB2008F4C72 /* TextButton.swift */ = {isa = PBXFileReference; lastKnownFileType = sourcecode.swift; path = TextButton.swift; sourceTree = "<group>"; };
		B639AE2D290D6050008F4C72 /* ValidatePhraseView.swift */ = {isa = PBXFileReference; lastKnownFileType = sourcecode.swift; path = ValidatePhraseView.swift; sourceTree = "<group>"; };
		B639AE2F290D6A0F008F4C72 /* ValidatePhraseViewModel.swift */ = {isa = PBXFileReference; lastKnownFileType = sourcecode.swift; path = ValidatePhraseViewModel.swift; sourceTree = "<group>"; };
		B639AE34290D7806008F4C72 /* Coordinator.swift */ = {isa = PBXFileReference; lastKnownFileType = sourcecode.swift; path = Coordinator.swift; sourceTree = "<group>"; };
		B639AE372910180B008F4C72 /* CarnivalWallet.xcdatamodel */ = {isa = PBXFileReference; lastKnownFileType = wrapper.xcdatamodel; path = CarnivalWallet.xcdatamodel; sourceTree = "<group>"; };
		B639AE4229101BA2008F4C72 /* CoreDataManager.swift */ = {isa = PBXFileReference; lastKnownFileType = sourcecode.swift; path = CoreDataManager.swift; sourceTree = "<group>"; };
		B647F9CF2902FE9500940C3B /* AttributedString+Extensions.swift */ = {isa = PBXFileReference; lastKnownFileType = sourcecode.swift; path = "AttributedString+Extensions.swift"; sourceTree = "<group>"; };
		B647F9D32903056900940C3B /* HomeView.swift */ = {isa = PBXFileReference; lastKnownFileType = sourcecode.swift; path = HomeView.swift; sourceTree = "<group>"; };
		B647F9D8290310F900940C3B /* View+Extensions.swift */ = {isa = PBXFileReference; lastKnownFileType = sourcecode.swift; path = "View+Extensions.swift"; sourceTree = "<group>"; };
		B647F9DD2903125500940C3B /* SideMenuView.swift */ = {isa = PBXFileReference; lastKnownFileType = sourcecode.swift; path = SideMenuView.swift; sourceTree = "<group>"; };
		B647F9DF290315B900940C3B /* DeviceSize.swift */ = {isa = PBXFileReference; lastKnownFileType = sourcecode.swift; path = DeviceSize.swift; sourceTree = "<group>"; };
		B647F9E129031E8D00940C3B /* MenuContentView.swift */ = {isa = PBXFileReference; lastKnownFileType = sourcecode.swift; path = MenuContentView.swift; sourceTree = "<group>"; };
		B647F9E4290327C700940C3B /* WelcomeView.swift */ = {isa = PBXFileReference; lastKnownFileType = sourcecode.swift; path = WelcomeView.swift; sourceTree = "<group>"; };
		B647F9E6290327D800940C3B /* ImportPhraseView.swift */ = {isa = PBXFileReference; lastKnownFileType = sourcecode.swift; path = ImportPhraseView.swift; sourceTree = "<group>"; };
		B647F9E8290327E800940C3B /* CreateWalletView.swift */ = {isa = PBXFileReference; lastKnownFileType = sourcecode.swift; path = CreateWalletView.swift; sourceTree = "<group>"; };
		B647F9EC29032A2A00940C3B /* TextFont.swift */ = {isa = PBXFileReference; lastKnownFileType = sourcecode.swift; path = TextFont.swift; sourceTree = "<group>"; };
		B647F9EE29033AA200940C3B /* TextField+Extensions.swift */ = {isa = PBXFileReference; lastKnownFileType = sourcecode.swift; path = "TextField+Extensions.swift"; sourceTree = "<group>"; };
		B647F9F429039DCF00940C3B /* String+Extensions.swift */ = {isa = PBXFileReference; lastKnownFileType = sourcecode.swift; path = "String+Extensions.swift"; sourceTree = "<group>"; };
		B647F9F829039F2800940C3B /* GenerateSecretPhraseTest.swift */ = {isa = PBXFileReference; lastKnownFileType = sourcecode.swift; path = GenerateSecretPhraseTest.swift; sourceTree = "<group>"; };
		B647F9FA2903BFE400940C3B /* DeriveEthereumAddressTest.swift */ = {isa = PBXFileReference; lastKnownFileType = sourcecode.swift; path = DeriveEthereumAddressTest.swift; sourceTree = "<group>"; };
		B647F9FE29066FB100940C3B /* UIFont+Extensions.swift */ = {isa = PBXFileReference; lastKnownFileType = sourcecode.swift; path = "UIFont+Extensions.swift"; sourceTree = "<group>"; };
		B647FA032906D23200940C3B /* KeychainManager.swift */ = {isa = PBXFileReference; lastKnownFileType = sourcecode.swift; path = KeychainManager.swift; sourceTree = "<group>"; };
		B647FA072906DB8800940C3B /* SecureManager.swift */ = {isa = PBXFileReference; lastKnownFileType = sourcecode.swift; path = SecureManager.swift; sourceTree = "<group>"; };
		B6B11D6C29101DA5006F0591 /* AccountEntity+Extensions.swift */ = {isa = PBXFileReference; lastKnownFileType = sourcecode.swift; path = "AccountEntity+Extensions.swift"; sourceTree = "<group>"; };
		B6B11D6E2911704E006F0591 /* CoinIconView.swift */ = {isa = PBXFileReference; lastKnownFileType = sourcecode.swift; path = CoinIconView.swift; sourceTree = "<group>"; };
		B6B11D70291176B7006F0591 /* NetworkMapper.swift */ = {isa = PBXFileReference; lastKnownFileType = sourcecode.swift; path = NetworkMapper.swift; sourceTree = "<group>"; };
		B6B11D722912B6BA006F0591 /* IconButton.swift */ = {isa = PBXFileReference; lastKnownFileType = sourcecode.swift; path = IconButton.swift; sourceTree = "<group>"; };
		B6B11D752912BF7F006F0591 /* WalletInfoView.swift */ = {isa = PBXFileReference; lastKnownFileType = sourcecode.swift; path = WalletInfoView.swift; sourceTree = "<group>"; };
		B6B11D772912C008006F0591 /* WalletFiatBalanceView.swift */ = {isa = PBXFileReference; lastKnownFileType = sourcecode.swift; path = WalletFiatBalanceView.swift; sourceTree = "<group>"; };
		B6B11D7B2912C113006F0591 /* WalletCoinList.swift */ = {isa = PBXFileReference; lastKnownFileType = sourcecode.swift; path = WalletCoinList.swift; sourceTree = "<group>"; };
		B6B11D7E2913DEC7006F0591 /* AccountViewModel.swift */ = {isa = PBXFileReference; lastKnownFileType = sourcecode.swift; path = AccountViewModel.swift; sourceTree = "<group>"; };
		B6B11D802913FD9C006F0591 /* AccountUtils.swift */ = {isa = PBXFileReference; lastKnownFileType = sourcecode.swift; path = AccountUtils.swift; sourceTree = "<group>"; };
		B6B6ED44292326AA0093902A /* ImportTokenView.swift */ = {isa = PBXFileReference; lastKnownFileType = sourcecode.swift; path = ImportTokenView.swift; sourceTree = "<group>"; };
		B6B6ED462923290D0093902A /* TokenAddressTextField.swift */ = {isa = PBXFileReference; lastKnownFileType = sourcecode.swift; path = TokenAddressTextField.swift; sourceTree = "<group>"; };
		B6B80E7F29252D2A00995210 /* ScannerViewController.swift */ = {isa = PBXFileReference; lastKnownFileType = sourcecode.swift; path = ScannerViewController.swift; sourceTree = "<group>"; };
		B6B80E8129252D9D00995210 /* ScannerView.swift */ = {isa = PBXFileReference; lastKnownFileType = sourcecode.swift; path = ScannerView.swift; sourceTree = "<group>"; };
		B6B80E922928AFBC00995210 /* TokenInfoProvider.swift */ = {isa = PBXFileReference; lastKnownFileType = sourcecode.swift; path = TokenInfoProvider.swift; sourceTree = "<group>"; };
		B6B80E952928AFCD00995210 /* TokenInfo.swift */ = {isa = PBXFileReference; lastKnownFileType = sourcecode.swift; path = TokenInfo.swift; sourceTree = "<group>"; };
		B6B80E972928C42E00995210 /* ImportTokenViewModel.swift */ = {isa = PBXFileReference; lastKnownFileType = sourcecode.swift; path = ImportTokenViewModel.swift; sourceTree = "<group>"; };
		B6B80E992928C72700995210 /* ERC20ABIFunction.swift */ = {isa = PBXFileReference; lastKnownFileType = sourcecode.swift; path = ERC20ABIFunction.swift; sourceTree = "<group>"; };
		B6B80E9B2928CD4300995210 /* ParseError.swift */ = {isa = PBXFileReference; lastKnownFileType = sourcecode.swift; path = ParseError.swift; sourceTree = "<group>"; };
		B6B80EA3292948ED00995210 /* TokenInfoRow.swift */ = {isa = PBXFileReference; lastKnownFileType = sourcecode.swift; path = TokenInfoRow.swift; sourceTree = "<group>"; };
		B6B80EA5292BC9F000995210 /* TransactionViewController.swift */ = {isa = PBXFileReference; lastKnownFileType = sourcecode.swift; path = TransactionViewController.swift; sourceTree = "<group>"; };
		B6B80EA7292BCD7B00995210 /* SendView.swift */ = {isa = PBXFileReference; lastKnownFileType = sourcecode.swift; path = SendView.swift; sourceTree = "<group>"; };
		B6B80EAE292CF35400995210 /* SendAmountView.swift */ = {isa = PBXFileReference; lastKnownFileType = sourcecode.swift; path = SendAmountView.swift; sourceTree = "<group>"; };
		B6B80EB1292D002D00995210 /* CoinSelectorSheet.swift */ = {isa = PBXFileReference; lastKnownFileType = sourcecode.swift; path = CoinSelectorSheet.swift; sourceTree = "<group>"; };
		B6B80EB3292E4EDA00995210 /* RawData.swift */ = {isa = PBXFileReference; lastKnownFileType = sourcecode.swift; path = RawData.swift; sourceTree = "<group>"; };
		B6B80EB5292E4EE300995210 /* DataType.swift */ = {isa = PBXFileReference; lastKnownFileType = sourcecode.swift; path = DataType.swift; sourceTree = "<group>"; };
		B6B80EB7292E4F0600995210 /* TransactionViewModel.swift */ = {isa = PBXFileReference; lastKnownFileType = sourcecode.swift; path = TransactionViewModel.swift; sourceTree = "<group>"; };
		B6B80EB9292E53F900995210 /* TransactionView.swift */ = {isa = PBXFileReference; lastKnownFileType = sourcecode.swift; path = TransactionView.swift; sourceTree = "<group>"; };
		B6B80EBD292E7DE200995210 /* DividerView.swift */ = {isa = PBXFileReference; lastKnownFileType = sourcecode.swift; path = DividerView.swift; sourceTree = "<group>"; };
		B6B80EBF2930E20100995210 /* NonceRequest.swift */ = {isa = PBXFileReference; lastKnownFileType = sourcecode.swift; path = NonceRequest.swift; sourceTree = "<group>"; };
		B6B80EC12930E40D00995210 /* EstimateGasRequest.swift */ = {isa = PBXFileReference; lastKnownFileType = sourcecode.swift; path = EstimateGasRequest.swift; sourceTree = "<group>"; };
		B6B80EC52930E6FF00995210 /* GasPriceRequest.swift */ = {isa = PBXFileReference; lastKnownFileType = sourcecode.swift; path = GasPriceRequest.swift; sourceTree = "<group>"; };
		B6B80ECB2930EB7100995210 /* NonceProvider.swift */ = {isa = PBXFileReference; lastKnownFileType = sourcecode.swift; path = NonceProvider.swift; sourceTree = "<group>"; };
		B6B80ECD2930EB8000995210 /* EstimateGasProvider.swift */ = {isa = PBXFileReference; lastKnownFileType = sourcecode.swift; path = EstimateGasProvider.swift; sourceTree = "<group>"; };
		B6B80ECF2930EB8900995210 /* GasPriceProvider.swift */ = {isa = PBXFileReference; lastKnownFileType = sourcecode.swift; path = GasPriceProvider.swift; sourceTree = "<group>"; };
		B6B80ED12931A9A800995210 /* SendTransactionRequest.swift */ = {isa = PBXFileReference; lastKnownFileType = sourcecode.swift; path = SendTransactionRequest.swift; sourceTree = "<group>"; };
		B6B80ED32931AA2D00995210 /* SendTransactionProvider.swift */ = {isa = PBXFileReference; lastKnownFileType = sourcecode.swift; path = SendTransactionProvider.swift; sourceTree = "<group>"; };
		B6B80ED52931F76D00995210 /* TransactionPresenter.swift */ = {isa = PBXFileReference; lastKnownFileType = sourcecode.swift; path = TransactionPresenter.swift; sourceTree = "<group>"; };
		B6B80ED72931F78100995210 /* TransactionViewObject.swift */ = {isa = PBXFileReference; lastKnownFileType = sourcecode.swift; path = TransactionViewObject.swift; sourceTree = "<group>"; };
		B6B80EDA2932183A00995210 /* ERC20Decoder.swift */ = {isa = PBXFileReference; lastKnownFileType = sourcecode.swift; path = ERC20Decoder.swift; sourceTree = "<group>"; };
		B6B80EDC29328F5800995210 /* TransactionCoordinator.swift */ = {isa = PBXFileReference; lastKnownFileType = sourcecode.swift; path = TransactionCoordinator.swift; sourceTree = "<group>"; };
		B6C204A42915577100B11E72 /* WalletManager.swift */ = {isa = PBXFileReference; lastKnownFileType = sourcecode.swift; path = WalletManager.swift; sourceTree = "<group>"; };
		B6C204A62915F1EA00B11E72 /* Coin+Extensions.swift */ = {isa = PBXFileReference; lastKnownFileType = sourcecode.swift; path = "Coin+Extensions.swift"; sourceTree = "<group>"; };
		B6C204A82915F35400B11E72 /* MainCoordinator.swift */ = {isa = PBXFileReference; lastKnownFileType = sourcecode.swift; path = MainCoordinator.swift; sourceTree = "<group>"; };
		B6C204B129162A9C00B11E72 /* MenuSection.swift */ = {isa = PBXFileReference; lastKnownFileType = sourcecode.swift; path = MenuSection.swift; sourceTree = "<group>"; };
		B6C204B329162AB300B11E72 /* MenuItem.swift */ = {isa = PBXFileReference; lastKnownFileType = sourcecode.swift; path = MenuItem.swift; sourceTree = "<group>"; };
		B6C204B8291640C600B11E72 /* AccountInfoView.swift */ = {isa = PBXFileReference; lastKnownFileType = sourcecode.swift; path = AccountInfoView.swift; sourceTree = "<group>"; };
		B6C204BA2916415F00B11E72 /* MenuListView.swift */ = {isa = PBXFileReference; lastKnownFileType = sourcecode.swift; path = MenuListView.swift; sourceTree = "<group>"; };
		B6C204BC2916468900B11E72 /* WalletViewModel.swift */ = {isa = PBXFileReference; lastKnownFileType = sourcecode.swift; path = WalletViewModel.swift; sourceTree = "<group>"; };
		B6C204BF29164EDB00B11E72 /* EtherServiceRequest.swift */ = {isa = PBXFileReference; lastKnownFileType = sourcecode.swift; path = EtherServiceRequest.swift; sourceTree = "<group>"; };
		B6C204C22916510300B11E72 /* BalanceRequest.swift */ = {isa = PBXFileReference; lastKnownFileType = sourcecode.swift; path = BalanceRequest.swift; sourceTree = "<group>"; };
		B6C204C42916532D00B11E72 /* BalanceRequestTests.swift */ = {isa = PBXFileReference; lastKnownFileType = sourcecode.swift; path = BalanceRequestTests.swift; sourceTree = "<group>"; };
		B6C204C92917993600B11E72 /* CastError.swift */ = {isa = PBXFileReference; lastKnownFileType = sourcecode.swift; path = CastError.swift; sourceTree = "<group>"; };
		B6C204CB29179A7E00B11E72 /* JsonRpcRequest.swift */ = {isa = PBXFileReference; lastKnownFileType = sourcecode.swift; path = JsonRpcRequest.swift; sourceTree = "<group>"; };
		B6C204CF29179E9600B11E72 /* BalanceProvider.swift */ = {isa = PBXFileReference; lastKnownFileType = sourcecode.swift; path = BalanceProvider.swift; sourceTree = "<group>"; };
		B6C204D12917A5BE00B11E72 /* Session+Extension.swift */ = {isa = PBXFileReference; lastKnownFileType = sourcecode.swift; path = "Session+Extension.swift"; sourceTree = "<group>"; };
		B6C204D32917AECD00B11E72 /* CallRequest.swift */ = {isa = PBXFileReference; lastKnownFileType = sourcecode.swift; path = CallRequest.swift; sourceTree = "<group>"; };
		B6C204D52917AF1F00B11E72 /* TokenBalanceProvider.swift */ = {isa = PBXFileReference; lastKnownFileType = sourcecode.swift; path = TokenBalanceProvider.swift; sourceTree = "<group>"; };
		B6C204D82917B7E900B11E72 /* ERC20Encoder.swift */ = {isa = PBXFileReference; lastKnownFileType = sourcecode.swift; path = ERC20Encoder.swift; sourceTree = "<group>"; };
		B6C204E02917FC1900B11E72 /* TestableWallet.swift */ = {isa = PBXFileReference; lastKnownFileType = sourcecode.swift; path = TestableWallet.swift; sourceTree = "<group>"; };
		B6C204E2291BFCD600B11E72 /* BalanceProviderImpl.swift */ = {isa = PBXFileReference; lastKnownFileType = sourcecode.swift; path = BalanceProviderImpl.swift; sourceTree = "<group>"; };
		B6C204E4291C8CBC00B11E72 /* EtherNumberFormatter.swift */ = {isa = PBXFileReference; lastKnownFileType = sourcecode.swift; path = EtherNumberFormatter.swift; sourceTree = "<group>"; };
		B6C204E6291C910F00B11E72 /* EtherNumberFormatterTests.swift */ = {isa = PBXFileReference; lastKnownFileType = sourcecode.swift; path = EtherNumberFormatterTests.swift; sourceTree = "<group>"; };
		B6C204E82923204000B11E72 /* EthereumUnit.swift */ = {isa = PBXFileReference; lastKnownFileType = sourcecode.swift; path = EthereumUnit.swift; sourceTree = "<group>"; };
		B6C204EA292323F400B11E72 /* WalletCoinListItem.swift */ = {isa = PBXFileReference; lastKnownFileType = sourcecode.swift; path = WalletCoinListItem.swift; sourceTree = "<group>"; };
		B6C204ED2923243800B11E72 /* WalletCoinListItemViewModel.swift */ = {isa = PBXFileReference; lastKnownFileType = sourcecode.swift; path = WalletCoinListItemViewModel.swift; sourceTree = "<group>"; };
		B6F760C228FC256B006BEF79 /* CarnivalWallet.app */ = {isa = PBXFileReference; explicitFileType = wrapper.application; includeInIndex = 0; path = CarnivalWallet.app; sourceTree = BUILT_PRODUCTS_DIR; };
		B6F760C528FC256B006BEF79 /* AppDelegate.swift */ = {isa = PBXFileReference; lastKnownFileType = sourcecode.swift; path = AppDelegate.swift; sourceTree = "<group>"; };
		B6F760C728FC256B006BEF79 /* SceneDelegate.swift */ = {isa = PBXFileReference; lastKnownFileType = sourcecode.swift; path = SceneDelegate.swift; sourceTree = "<group>"; };
		B6F760CE28FC256C006BEF79 /* Assets.xcassets */ = {isa = PBXFileReference; lastKnownFileType = folder.assetcatalog; path = Assets.xcassets; sourceTree = "<group>"; };
		B6F760D128FC256C006BEF79 /* Base */ = {isa = PBXFileReference; lastKnownFileType = file.storyboard; name = Base; path = Base.lproj/LaunchScreen.storyboard; sourceTree = "<group>"; };
		B6F760D328FC256C006BEF79 /* Info.plist */ = {isa = PBXFileReference; lastKnownFileType = text.plist.xml; path = Info.plist; sourceTree = "<group>"; };
		B6F760D828FC256C006BEF79 /* CarnivalWalletTests.xctest */ = {isa = PBXFileReference; explicitFileType = wrapper.cfbundle; includeInIndex = 0; path = CarnivalWalletTests.xctest; sourceTree = BUILT_PRODUCTS_DIR; };
		B6F760DC28FC256C006BEF79 /* CarnivalWalletTests.swift */ = {isa = PBXFileReference; lastKnownFileType = sourcecode.swift; path = CarnivalWalletTests.swift; sourceTree = "<group>"; };
		B6F760E228FC256C006BEF79 /* CarnivalWalletUITests.xctest */ = {isa = PBXFileReference; explicitFileType = wrapper.cfbundle; includeInIndex = 0; path = CarnivalWalletUITests.xctest; sourceTree = BUILT_PRODUCTS_DIR; };
		B6F760E628FC256C006BEF79 /* CarnivalWalletUITests.swift */ = {isa = PBXFileReference; lastKnownFileType = sourcecode.swift; path = CarnivalWalletUITests.swift; sourceTree = "<group>"; };
		B6F760E828FC256C006BEF79 /* CarnivalWalletUITestsLaunchTests.swift */ = {isa = PBXFileReference; lastKnownFileType = sourcecode.swift; path = CarnivalWalletUITestsLaunchTests.swift; sourceTree = "<group>"; };
		B6F7610028FC275C006BEF79 /* WalletView.swift */ = {isa = PBXFileReference; lastKnownFileType = sourcecode.swift; path = WalletView.swift; sourceTree = "<group>"; };
		B6F7610228FC2781006BEF79 /* BrowserView.swift */ = {isa = PBXFileReference; lastKnownFileType = sourcecode.swift; path = BrowserView.swift; sourceTree = "<group>"; };
		B6F7610428FC278E006BEF79 /* WalletConnectView.swift */ = {isa = PBXFileReference; lastKnownFileType = sourcecode.swift; path = WalletConnectView.swift; sourceTree = "<group>"; };
		D5A7A1EAFF8415A0222AE361 /* Pods_CarnivalWallet_CarnivalWalletUITests.framework */ = {isa = PBXFileReference; explicitFileType = wrapper.framework; includeInIndex = 0; path = Pods_CarnivalWallet_CarnivalWalletUITests.framework; sourceTree = BUILT_PRODUCTS_DIR; };
		F1A453C7A633783EB56D7E83 /* Pods-CarnivalWallet.release.xcconfig */ = {isa = PBXFileReference; includeInIndex = 1; lastKnownFileType = text.xcconfig; name = "Pods-CarnivalWallet.release.xcconfig"; path = "Target Support Files/Pods-CarnivalWallet/Pods-CarnivalWallet.release.xcconfig"; sourceTree = "<group>"; };
/* End PBXFileReference section */

/* Begin PBXFrameworksBuildPhase section */
		B6F760BF28FC256B006BEF79 /* Frameworks */ = {
			isa = PBXFrameworksBuildPhase;
			buildActionMask = 2147483647;
			files = (
				2F6E130875CF428352879C57 /* Pods_CarnivalWallet.framework in Frameworks */,
			);
			runOnlyForDeploymentPostprocessing = 0;
		};
		B6F760D528FC256C006BEF79 /* Frameworks */ = {
			isa = PBXFrameworksBuildPhase;
			buildActionMask = 2147483647;
			files = (
				982F3385DB472A39D9D3210A /* Pods_CarnivalWalletTests.framework in Frameworks */,
			);
			runOnlyForDeploymentPostprocessing = 0;
		};
		B6F760DF28FC256C006BEF79 /* Frameworks */ = {
			isa = PBXFrameworksBuildPhase;
			buildActionMask = 2147483647;
			files = (
				0C5DD8AD2EB6104E11464EF5 /* Pods_CarnivalWallet_CarnivalWalletUITests.framework in Frameworks */,
			);
			runOnlyForDeploymentPostprocessing = 0;
		};
/* End PBXFrameworksBuildPhase section */

/* Begin PBXGroup section */
		64B4238B59881C5E45CEDC56 /* Pods */ = {
			isa = PBXGroup;
			children = (
				AC2F7F2F58EB14B89FB398B1 /* Pods-CarnivalWallet.debug.xcconfig */,
				F1A453C7A633783EB56D7E83 /* Pods-CarnivalWallet.release.xcconfig */,
				896EBA476A691B7544CCDF74 /* Pods-CarnivalWallet-CarnivalWalletUITests.debug.xcconfig */,
				929FAF3B8D6B7FB9526A69A9 /* Pods-CarnivalWallet-CarnivalWalletUITests.release.xcconfig */,
				0877E698CF081EFAA56E35AC /* Pods-CarnivalWalletTests.debug.xcconfig */,
				44E82EA0172E069042F2835A /* Pods-CarnivalWalletTests.release.xcconfig */,
			);
			path = Pods;
			sourceTree = "<group>";
		};
		A7E24EF6E393BDBBEE5FED83 /* Frameworks */ = {
			isa = PBXGroup;
			children = (
				2B822DEB5DF43290C60FF4D7 /* Pods_CarnivalWallet.framework */,
				D5A7A1EAFF8415A0222AE361 /* Pods_CarnivalWallet_CarnivalWalletUITests.framework */,
				61AA664BC39E44394134A810 /* Pods_CarnivalWalletTests.framework */,
			);
			name = Frameworks;
			sourceTree = "<group>";
		};
		B639AE022906E045008F4C72 /* UserDefault */ = {
			isa = PBXGroup;
			children = (
				B639AE032906E051008F4C72 /* Defaults.swift */,
			);
			path = UserDefault;
			sourceTree = "<group>";
		};
		B639AE0F290CCB77008F4C72 /* Component */ = {
			isa = PBXGroup;
			children = (
				B639AE12290CCB96008F4C72 /* BaseButton.swift */,
				B639AE21290D0E1F008F4C72 /* SencitiveTextField.swift */,
				B639AE2B290D4EB2008F4C72 /* TextButton.swift */,
				B6B11D6E2911704E006F0591 /* CoinIconView.swift */,
				B6B11D722912B6BA006F0591 /* IconButton.swift */,
				B6B80EBD292E7DE200995210 /* DividerView.swift */,
			);
			path = Component;
			sourceTree = "<group>";
		};
		B639AE18290CFB01008F4C72 /* Component */ = {
			isa = PBXGroup;
			children = (
				B639AE19290CFB10008F4C72 /* PasswordInputView.swift */,
				B639AE1B290CFB75008F4C72 /* PhraseInputView.swift */,
			);
			path = Component;
			sourceTree = "<group>";
		};
		B639AE33290D77FD008F4C72 /* Coordinator */ = {
			isa = PBXGroup;
			children = (
				B639AE34290D7806008F4C72 /* Coordinator.swift */,
			);
			path = Coordinator;
			sourceTree = "<group>";
		};
		B639AE3929101ABB008F4C72 /* Coredata */ = {
			isa = PBXGroup;
			children = (
				B639AE4229101BA2008F4C72 /* CoreDataManager.swift */,
				B6B11D6C29101DA5006F0591 /* AccountEntity+Extensions.swift */,
				B6C204A62915F1EA00B11E72 /* Coin+Extensions.swift */,
			);
			path = Coredata;
			sourceTree = "<group>";
		};
		B647F9CE2902FE7E00940C3B /* Utils */ = {
			isa = PBXGroup;
			children = (
				B639AE1F290D0A13008F4C72 /* PasswordStrengthUtils.swift */,
				B647F9CF2902FE9500940C3B /* AttributedString+Extensions.swift */,
				B647F9D8290310F900940C3B /* View+Extensions.swift */,
				B647F9DF290315B900940C3B /* DeviceSize.swift */,
				B647F9EC29032A2A00940C3B /* TextFont.swift */,
				B647F9EE29033AA200940C3B /* TextField+Extensions.swift */,
				B647F9F429039DCF00940C3B /* String+Extensions.swift */,
				B647F9FE29066FB100940C3B /* UIFont+Extensions.swift */,
				B639AE0B29098326008F4C72 /* UIScreen+Extension.swift */,
				B639AE0D2909869D008F4C72 /* Color+Extension.swift */,
				B6B11D70291176B7006F0591 /* NetworkMapper.swift */,
				B6C204D12917A5BE00B11E72 /* Session+Extension.swift */,
			);
			path = Utils;
			sourceTree = "<group>";
		};
		B647F9DA2903123600940C3B /* Tab */ = {
			isa = PBXGroup;
			children = (
				B647F9D32903056900940C3B /* HomeView.swift */,
				B6C204A82915F35400B11E72 /* MainCoordinator.swift */,
			);
			path = Tab;
			sourceTree = "<group>";
		};
		B647F9E3290327B100940C3B /* Setup */ = {
			isa = PBXGroup;
			children = (
				B6C204AD2916017900B11E72 /* ViewModel */,
				B639AE18290CFB01008F4C72 /* Component */,
				B647F9E8290327E800940C3B /* CreateWalletView.swift */,
				B647F9E6290327D800940C3B /* ImportPhraseView.swift */,
				B639AE29290D252B008F4C72 /* SecurePhraseView.swift */,
				B639AE2D290D6050008F4C72 /* ValidatePhraseView.swift */,
				B647F9E4290327C700940C3B /* WelcomeView.swift */,
			);
			path = Setup;
			sourceTree = "<group>";
		};
		B647FA022906D22400940C3B /* Keychain */ = {
			isa = PBXGroup;
			children = (
				B647FA032906D23200940C3B /* KeychainManager.swift */,
			);
			path = Keychain;
			sourceTree = "<group>";
		};
		B647FA062906DB7100940C3B /* Secure */ = {
			isa = PBXGroup;
			children = (
				B647FA072906DB8800940C3B /* SecureManager.swift */,
			);
			path = Secure;
			sourceTree = "<group>";
		};
		B6B11D742912BF67006F0591 /* Component */ = {
			isa = PBXGroup;
			children = (
				B6B11D752912BF7F006F0591 /* WalletInfoView.swift */,
				B6B11D772912C008006F0591 /* WalletFiatBalanceView.swift */,
				B6B11D7B2912C113006F0591 /* WalletCoinList.swift */,
				B6C204EA292323F400B11E72 /* WalletCoinListItem.swift */,
			);
			path = Component;
			sourceTree = "<group>";
		};
		B6B11D7D2913DEBE006F0591 /* Account */ = {
			isa = PBXGroup;
			children = (
				B6B11D7E2913DEC7006F0591 /* AccountViewModel.swift */,
				B6B11D802913FD9C006F0591 /* AccountUtils.swift */,
			);
			path = Account;
			sourceTree = "<group>";
		};
		B6B6ED41292326800093902A /* CustomToken */ = {
			isa = PBXGroup;
			children = (
				B6B6ED44292326AA0093902A /* ImportTokenView.swift */,
				B6B6ED462923290D0093902A /* TokenAddressTextField.swift */,
				B6B80E972928C42E00995210 /* ImportTokenViewModel.swift */,
				B6B80EA3292948ED00995210 /* TokenInfoRow.swift */,
			);
			path = CustomToken;
			sourceTree = "<group>";
		};
		B6B80E7C29252C2600995210 /* QRCode */ = {
			isa = PBXGroup;
			children = (
				B6B80E7F29252D2A00995210 /* ScannerViewController.swift */,
				B6B80E8129252D9D00995210 /* ScannerView.swift */,
			);
			path = QRCode;
			sourceTree = "<group>";
		};
		B6B80E8D2928A12300995210 /* Balance */ = {
			isa = PBXGroup;
			children = (
				B6C204CF29179E9600B11E72 /* BalanceProvider.swift */,
				B6C204D52917AF1F00B11E72 /* TokenBalanceProvider.swift */,
				B6C204E2291BFCD600B11E72 /* BalanceProviderImpl.swift */,
			);
			path = Balance;
			sourceTree = "<group>";
		};
		B6B80E942928AFC500995210 /* Model */ = {
			isa = PBXGroup;
			children = (
				B6B80E952928AFCD00995210 /* TokenInfo.swift */,
			);
			path = Model;
			sourceTree = "<group>";
		};
		B6B80EA9292BCD8000995210 /* Transaction */ = {
			isa = PBXGroup;
			children = (
				B6B80EA5292BC9F000995210 /* TransactionViewController.swift */,
				B6B80EB3292E4EDA00995210 /* RawData.swift */,
				B6B80EB5292E4EE300995210 /* DataType.swift */,
				B6B80EB7292E4F0600995210 /* TransactionViewModel.swift */,
				B6B80EB9292E53F900995210 /* TransactionView.swift */,
				B6B80ED52931F76D00995210 /* TransactionPresenter.swift */,
				B6B80ED72931F78100995210 /* TransactionViewObject.swift */,
				B6B80EDC29328F5800995210 /* TransactionCoordinator.swift */,
			);
			path = Transaction;
			sourceTree = "<group>";
		};
		B6B80EB0292D002000995210 /* Selector */ = {
			isa = PBXGroup;
			children = (
				B6B80EB1292D002D00995210 /* CoinSelectorSheet.swift */,
			);
			path = Selector;
			sourceTree = "<group>";
		};
		B6B80EC72930EB3200995210 /* Token */ = {
			isa = PBXGroup;
			children = (
				B6B80E922928AFBC00995210 /* TokenInfoProvider.swift */,
			);
			path = Token;
			sourceTree = "<group>";
		};
		B6B80ECA2930EB5E00995210 /* Transaction */ = {
			isa = PBXGroup;
			children = (
				B6B80ECD2930EB8000995210 /* EstimateGasProvider.swift */,
				B6B80ECF2930EB8900995210 /* GasPriceProvider.swift */,
				B6B80ECB2930EB7100995210 /* NonceProvider.swift */,
				B6B80ED32931AA2D00995210 /* SendTransactionProvider.swift */,
			);
			path = Transaction;
			sourceTree = "<group>";
		};
		B6B80ED92932183000995210 /* ERC20Decoder */ = {
			isa = PBXGroup;
			children = (
				B6B80EDA2932183A00995210 /* ERC20Decoder.swift */,
			);
			path = ERC20Decoder;
			sourceTree = "<group>";
		};
		B6C204A32915576700B11E72 /* Wallet */ = {
			isa = PBXGroup;
			children = (
				B6C204A42915577100B11E72 /* WalletManager.swift */,
			);
			path = Wallet;
			sourceTree = "<group>";
		};
		B6C204AD2916017900B11E72 /* ViewModel */ = {
			isa = PBXGroup;
			children = (
				B639AE2F290D6A0F008F4C72 /* ValidatePhraseViewModel.swift */,
				B639AE16290CF5B1008F4C72 /* InitializeWalletViewModel.swift */,
			);
			path = ViewModel;
			sourceTree = "<group>";
		};
		B6C204B029162A8700B11E72 /* SideMenu */ = {
			isa = PBXGroup;
			children = (
				B6C204B7291640B100B11E72 /* Component */,
				B647F9DD2903125500940C3B /* SideMenuView.swift */,
				B647F9E129031E8D00940C3B /* MenuContentView.swift */,
				B6C204B129162A9C00B11E72 /* MenuSection.swift */,
				B6C204B329162AB300B11E72 /* MenuItem.swift */,
			);
			path = SideMenu;
			sourceTree = "<group>";
		};
		B6C204B7291640B100B11E72 /* Component */ = {
			isa = PBXGroup;
			children = (
				B6C204B8291640C600B11E72 /* AccountInfoView.swift */,
				B6C204BA2916415F00B11E72 /* MenuListView.swift */,
			);
			path = Component;
			sourceTree = "<group>";
		};
		B6C204BE29164ED200B11E72 /* Ethers */ = {
			isa = PBXGroup;
			children = (
				B6B80ED92932183000995210 /* ERC20Decoder */,
				B6C204D72917B7D800B11E72 /* ERC20Encoder */,
				B6C204CE29179E8A00B11E72 /* Provider */,
				B6C204CD29179E7C00B11E72 /* Request */,
				B6C204C92917993600B11E72 /* CastError.swift */,
				B6B80E9B2928CD4300995210 /* ParseError.swift */,
				B6C204E4291C8CBC00B11E72 /* EtherNumberFormatter.swift */,
				B6C204E82923204000B11E72 /* EthereumUnit.swift */,
			);
			path = Ethers;
			sourceTree = "<group>";
		};
		B6C204CD29179E7C00B11E72 /* Request */ = {
			isa = PBXGroup;
			children = (
				B6C204C22916510300B11E72 /* BalanceRequest.swift */,
				B6C204D32917AECD00B11E72 /* CallRequest.swift */,
				B6B80EC12930E40D00995210 /* EstimateGasRequest.swift */,
				B6C204BF29164EDB00B11E72 /* EtherServiceRequest.swift */,
				B6B80EC52930E6FF00995210 /* GasPriceRequest.swift */,
				B6C204CB29179A7E00B11E72 /* JsonRpcRequest.swift */,
				B6B80EBF2930E20100995210 /* NonceRequest.swift */,
				B6B80ED12931A9A800995210 /* SendTransactionRequest.swift */,
			);
			path = Request;
			sourceTree = "<group>";
		};
		B6C204CE29179E8A00B11E72 /* Provider */ = {
			isa = PBXGroup;
			children = (
				B6B80ECA2930EB5E00995210 /* Transaction */,
				B6B80EC72930EB3200995210 /* Token */,
				B6B80E8D2928A12300995210 /* Balance */,
			);
			path = Provider;
			sourceTree = "<group>";
		};
		B6C204D72917B7D800B11E72 /* ERC20Encoder */ = {
			isa = PBXGroup;
			children = (
				B6C204D82917B7E900B11E72 /* ERC20Encoder.swift */,
				B6B80E992928C72700995210 /* ERC20ABIFunction.swift */,
			);
			path = ERC20Encoder;
			sourceTree = "<group>";
		};
		B6C204EC2923242600B11E72 /* ViewModel */ = {
			isa = PBXGroup;
			children = (
				B6C204ED2923243800B11E72 /* WalletCoinListItemViewModel.swift */,
			);
			path = ViewModel;
			sourceTree = "<group>";
		};
		B6F760B928FC256B006BEF79 = {
			isa = PBXGroup;
			children = (
				B6F760C428FC256B006BEF79 /* CarnivalWallet */,
				B6F760DB28FC256C006BEF79 /* CarnivalWalletTests */,
				B6F760E528FC256C006BEF79 /* CarnivalWalletUITests */,
				B6F760C328FC256B006BEF79 /* Products */,
				64B4238B59881C5E45CEDC56 /* Pods */,
				A7E24EF6E393BDBBEE5FED83 /* Frameworks */,
			);
			sourceTree = "<group>";
		};
		B6F760C328FC256B006BEF79 /* Products */ = {
			isa = PBXGroup;
			children = (
				B6F760C228FC256B006BEF79 /* CarnivalWallet.app */,
				B6F760D828FC256C006BEF79 /* CarnivalWalletTests.xctest */,
				B6F760E228FC256C006BEF79 /* CarnivalWalletUITests.xctest */,
			);
			name = Products;
			sourceTree = "<group>";
		};
		B6F760C428FC256B006BEF79 /* CarnivalWallet */ = {
			isa = PBXGroup;
			children = (
				B639AE362910180B008F4C72 /* CarnivalWallet.xcdatamodeld */,
				B6F760C528FC256B006BEF79 /* AppDelegate.swift */,
				B6F760C728FC256B006BEF79 /* SceneDelegate.swift */,
				B639AE092908B68E008F4C72 /* Utilities.swift */,
				B6B80E942928AFC500995210 /* Model */,
				B639AE0F290CCB77008F4C72 /* Component */,
				B6F7610628FC27A0006BEF79 /* Feature */,
				B647F9CE2902FE7E00940C3B /* Utils */,
				B6F760CE28FC256C006BEF79 /* Assets.xcassets */,
				B6F760D028FC256C006BEF79 /* LaunchScreen.storyboard */,
				B6F760D328FC256C006BEF79 /* Info.plist */,
			);
			path = CarnivalWallet;
			sourceTree = "<group>";
		};
		B6F760DB28FC256C006BEF79 /* CarnivalWalletTests */ = {
			isa = PBXGroup;
			children = (
				B6F760DC28FC256C006BEF79 /* CarnivalWalletTests.swift */,
				B647F9F829039F2800940C3B /* GenerateSecretPhraseTest.swift */,
				B647F9FA2903BFE400940C3B /* DeriveEthereumAddressTest.swift */,
				B639AE07290829CE008F4C72 /* KeyStoreTest.swift */,
				B639AE1D290D01A2008F4C72 /* PasswordStrengthTest.swift */,
				B6C204C42916532D00B11E72 /* BalanceRequestTests.swift */,
				B6C204E02917FC1900B11E72 /* TestableWallet.swift */,
				B6C204E6291C910F00B11E72 /* EtherNumberFormatterTests.swift */,
			);
			path = CarnivalWalletTests;
			sourceTree = "<group>";
		};
		B6F760E528FC256C006BEF79 /* CarnivalWalletUITests */ = {
			isa = PBXGroup;
			children = (
				B6F760E628FC256C006BEF79 /* CarnivalWalletUITests.swift */,
				B6F760E828FC256C006BEF79 /* CarnivalWalletUITestsLaunchTests.swift */,
			);
			path = CarnivalWalletUITests;
			sourceTree = "<group>";
		};
		B6F7610628FC27A0006BEF79 /* Feature */ = {
			isa = PBXGroup;
			children = (
				B6B80EB0292D002000995210 /* Selector */,
				B6B80E7C29252C2600995210 /* QRCode */,
				B6B11D7D2913DEBE006F0591 /* Account */,
				B6F7610828FC27AA006BEF79 /* Browser */,
				B639AE33290D77FD008F4C72 /* Coordinator */,
				B639AE3929101ABB008F4C72 /* Coredata */,
				B6B6ED41292326800093902A /* CustomToken */,
				B6C204BE29164ED200B11E72 /* Ethers */,
				B647FA022906D22400940C3B /* Keychain */,
				B647FA062906DB7100940C3B /* Secure */,
				B647F9E3290327B100940C3B /* Setup */,
				B6C204B029162A8700B11E72 /* SideMenu */,
				B647F9DA2903123600940C3B /* Tab */,
				B639AE022906E045008F4C72 /* UserDefault */,
				B6C204A32915576700B11E72 /* Wallet */,
				B6F7610928FC27B5006BEF79 /* WalletConnect */,
				B6F7610728FC27A8006BEF79 /* WalletView */,
				B6B80EA9292BCD8000995210 /* Transaction */,
			);
			path = Feature;
			sourceTree = "<group>";
		};
		B6F7610728FC27A8006BEF79 /* WalletView */ = {
			isa = PBXGroup;
			children = (
				B6C204EC2923242600B11E72 /* ViewModel */,
				B6B11D742912BF67006F0591 /* Component */,
				B6F7610028FC275C006BEF79 /* WalletView.swift */,
				B6C204BC2916468900B11E72 /* WalletViewModel.swift */,
				B6B80EA7292BCD7B00995210 /* SendView.swift */,
				B6B80EAE292CF35400995210 /* SendAmountView.swift */,
			);
			path = WalletView;
			sourceTree = "<group>";
		};
		B6F7610828FC27AA006BEF79 /* Browser */ = {
			isa = PBXGroup;
			children = (
				B6F7610228FC2781006BEF79 /* BrowserView.swift */,
			);
			path = Browser;
			sourceTree = "<group>";
		};
		B6F7610928FC27B5006BEF79 /* WalletConnect */ = {
			isa = PBXGroup;
			children = (
				B6F7610428FC278E006BEF79 /* WalletConnectView.swift */,
			);
			path = WalletConnect;
			sourceTree = "<group>";
		};
/* End PBXGroup section */

/* Begin PBXNativeTarget section */
		B6F760C128FC256B006BEF79 /* CarnivalWallet */ = {
			isa = PBXNativeTarget;
			buildConfigurationList = B6F760EC28FC256C006BEF79 /* Build configuration list for PBXNativeTarget "CarnivalWallet" */;
			buildPhases = (
				BFB7EA0E338CF19CF59B026B /* [CP] Check Pods Manifest.lock */,
				B6F2687C2900E0A200733380 /* Run Script */,
				B6F760BE28FC256B006BEF79 /* Sources */,
				B6F760BF28FC256B006BEF79 /* Frameworks */,
				B6F760C028FC256B006BEF79 /* Resources */,
				D66AEB964567CD6B2E5B7A8B /* [CP] Embed Pods Frameworks */,
			);
			buildRules = (
			);
			dependencies = (
			);
			name = CarnivalWallet;
			packageProductDependencies = (
			);
			productName = CarnivalWallet;
			productReference = B6F760C228FC256B006BEF79 /* CarnivalWallet.app */;
			productType = "com.apple.product-type.application";
		};
		B6F760D728FC256C006BEF79 /* CarnivalWalletTests */ = {
			isa = PBXNativeTarget;
			buildConfigurationList = B6F760EF28FC256C006BEF79 /* Build configuration list for PBXNativeTarget "CarnivalWalletTests" */;
			buildPhases = (
				D9032336EA236D34DE8A5D12 /* [CP] Check Pods Manifest.lock */,
				B6F760D428FC256C006BEF79 /* Sources */,
				B6F760D528FC256C006BEF79 /* Frameworks */,
				B6F760D628FC256C006BEF79 /* Resources */,
			);
			buildRules = (
			);
			dependencies = (
				B6F760DA28FC256C006BEF79 /* PBXTargetDependency */,
			);
			name = CarnivalWalletTests;
			productName = CarnivalWalletTests;
			productReference = B6F760D828FC256C006BEF79 /* CarnivalWalletTests.xctest */;
			productType = "com.apple.product-type.bundle.unit-test";
		};
		B6F760E128FC256C006BEF79 /* CarnivalWalletUITests */ = {
			isa = PBXNativeTarget;
			buildConfigurationList = B6F760F228FC256C006BEF79 /* Build configuration list for PBXNativeTarget "CarnivalWalletUITests" */;
			buildPhases = (
				29F5B9A0CFBD8F7EC257CEC8 /* [CP] Check Pods Manifest.lock */,
				B6F760DE28FC256C006BEF79 /* Sources */,
				B6F760DF28FC256C006BEF79 /* Frameworks */,
				B6F760E028FC256C006BEF79 /* Resources */,
				4CAD50D465066E1344B97D2D /* [CP] Embed Pods Frameworks */,
			);
			buildRules = (
			);
			dependencies = (
				B6F760E428FC256C006BEF79 /* PBXTargetDependency */,
			);
			name = CarnivalWalletUITests;
			productName = CarnivalWalletUITests;
			productReference = B6F760E228FC256C006BEF79 /* CarnivalWalletUITests.xctest */;
			productType = "com.apple.product-type.bundle.ui-testing";
		};
/* End PBXNativeTarget section */

/* Begin PBXProject section */
		B6F760BA28FC256B006BEF79 /* Project object */ = {
			isa = PBXProject;
			attributes = {
				BuildIndependentTargetsInParallel = 1;
				LastSwiftUpdateCheck = 1400;
				LastUpgradeCheck = 1400;
				TargetAttributes = {
					B6F760C128FC256B006BEF79 = {
						CreatedOnToolsVersion = 14.0;
					};
					B6F760D728FC256C006BEF79 = {
						CreatedOnToolsVersion = 14.0;
						TestTargetID = B6F760C128FC256B006BEF79;
					};
					B6F760E128FC256C006BEF79 = {
						CreatedOnToolsVersion = 14.0;
						TestTargetID = B6F760C128FC256B006BEF79;
					};
				};
			};
			buildConfigurationList = B6F760BD28FC256B006BEF79 /* Build configuration list for PBXProject "CarnivalWallet" */;
			compatibilityVersion = "Xcode 13.0";
			developmentRegion = en;
			hasScannedForEncodings = 0;
			knownRegions = (
				en,
				Base,
			);
			mainGroup = B6F760B928FC256B006BEF79;
			packageReferences = (
			);
			productRefGroup = B6F760C328FC256B006BEF79 /* Products */;
			projectDirPath = "";
			projectRoot = "";
			targets = (
				B6F760C128FC256B006BEF79 /* CarnivalWallet */,
				B6F760D728FC256C006BEF79 /* CarnivalWalletTests */,
				B6F760E128FC256C006BEF79 /* CarnivalWalletUITests */,
			);
		};
/* End PBXProject section */

/* Begin PBXResourcesBuildPhase section */
		B6F760C028FC256B006BEF79 /* Resources */ = {
			isa = PBXResourcesBuildPhase;
			buildActionMask = 2147483647;
			files = (
				B6F760D228FC256C006BEF79 /* LaunchScreen.storyboard in Resources */,
				B6F760CF28FC256C006BEF79 /* Assets.xcassets in Resources */,
			);
			runOnlyForDeploymentPostprocessing = 0;
		};
		B6F760D628FC256C006BEF79 /* Resources */ = {
			isa = PBXResourcesBuildPhase;
			buildActionMask = 2147483647;
			files = (
			);
			runOnlyForDeploymentPostprocessing = 0;
		};
		B6F760E028FC256C006BEF79 /* Resources */ = {
			isa = PBXResourcesBuildPhase;
			buildActionMask = 2147483647;
			files = (
			);
			runOnlyForDeploymentPostprocessing = 0;
		};
/* End PBXResourcesBuildPhase section */

/* Begin PBXShellScriptBuildPhase section */
		29F5B9A0CFBD8F7EC257CEC8 /* [CP] Check Pods Manifest.lock */ = {
			isa = PBXShellScriptBuildPhase;
			buildActionMask = 2147483647;
			files = (
			);
			inputFileListPaths = (
			);
			inputPaths = (
				"${PODS_PODFILE_DIR_PATH}/Podfile.lock",
				"${PODS_ROOT}/Manifest.lock",
			);
			name = "[CP] Check Pods Manifest.lock";
			outputFileListPaths = (
			);
			outputPaths = (
				"$(DERIVED_FILE_DIR)/Pods-CarnivalWallet-CarnivalWalletUITests-checkManifestLockResult.txt",
			);
			runOnlyForDeploymentPostprocessing = 0;
			shellPath = /bin/sh;
			shellScript = "diff \"${PODS_PODFILE_DIR_PATH}/Podfile.lock\" \"${PODS_ROOT}/Manifest.lock\" > /dev/null\nif [ $? != 0 ] ; then\n    # print error to STDERR\n    echo \"error: The sandbox is not in sync with the Podfile.lock. Run 'pod install' or update your CocoaPods installation.\" >&2\n    exit 1\nfi\n# This output is used by Xcode 'outputs' to avoid re-running this script phase.\necho \"SUCCESS\" > \"${SCRIPT_OUTPUT_FILE_0}\"\n";
			showEnvVarsInLog = 0;
		};
		4CAD50D465066E1344B97D2D /* [CP] Embed Pods Frameworks */ = {
			isa = PBXShellScriptBuildPhase;
			buildActionMask = 2147483647;
			files = (
			);
			inputFileListPaths = (
				"${PODS_ROOT}/Target Support Files/Pods-CarnivalWallet-CarnivalWalletUITests/Pods-CarnivalWallet-CarnivalWalletUITests-frameworks-${CONFIGURATION}-input-files.xcfilelist",
			);
			name = "[CP] Embed Pods Frameworks";
			outputFileListPaths = (
				"${PODS_ROOT}/Target Support Files/Pods-CarnivalWallet-CarnivalWalletUITests/Pods-CarnivalWallet-CarnivalWalletUITests-frameworks-${CONFIGURATION}-output-files.xcfilelist",
			);
			runOnlyForDeploymentPostprocessing = 0;
			shellPath = /bin/sh;
			shellScript = "\"${PODS_ROOT}/Target Support Files/Pods-CarnivalWallet-CarnivalWalletUITests/Pods-CarnivalWallet-CarnivalWalletUITests-frameworks.sh\"\n";
			showEnvVarsInLog = 0;
		};
		B6F2687C2900E0A200733380 /* Run Script */ = {
			isa = PBXShellScriptBuildPhase;
			buildActionMask = 8;
			files = (
			);
			inputFileListPaths = (
			);
			inputPaths = (
			);
			name = "Run Script";
			outputFileListPaths = (
			);
			outputPaths = (
			);
			runOnlyForDeploymentPostprocessing = 1;
			shellPath = /bin/sh;
			shellScript = "if which swiftlint > /dev/null; then\n  swiftlint\nelse\n  echo \"warning: SwiftLint not installed, download from https://github.com/realm/SwiftLint\"\nfi\n";
		};
		BFB7EA0E338CF19CF59B026B /* [CP] Check Pods Manifest.lock */ = {
			isa = PBXShellScriptBuildPhase;
			buildActionMask = 2147483647;
			files = (
			);
			inputFileListPaths = (
			);
			inputPaths = (
				"${PODS_PODFILE_DIR_PATH}/Podfile.lock",
				"${PODS_ROOT}/Manifest.lock",
			);
			name = "[CP] Check Pods Manifest.lock";
			outputFileListPaths = (
			);
			outputPaths = (
				"$(DERIVED_FILE_DIR)/Pods-CarnivalWallet-checkManifestLockResult.txt",
			);
			runOnlyForDeploymentPostprocessing = 0;
			shellPath = /bin/sh;
			shellScript = "diff \"${PODS_PODFILE_DIR_PATH}/Podfile.lock\" \"${PODS_ROOT}/Manifest.lock\" > /dev/null\nif [ $? != 0 ] ; then\n    # print error to STDERR\n    echo \"error: The sandbox is not in sync with the Podfile.lock. Run 'pod install' or update your CocoaPods installation.\" >&2\n    exit 1\nfi\n# This output is used by Xcode 'outputs' to avoid re-running this script phase.\necho \"SUCCESS\" > \"${SCRIPT_OUTPUT_FILE_0}\"\n";
			showEnvVarsInLog = 0;
		};
		D66AEB964567CD6B2E5B7A8B /* [CP] Embed Pods Frameworks */ = {
			isa = PBXShellScriptBuildPhase;
			buildActionMask = 2147483647;
			files = (
			);
			inputFileListPaths = (
				"${PODS_ROOT}/Target Support Files/Pods-CarnivalWallet/Pods-CarnivalWallet-frameworks-${CONFIGURATION}-input-files.xcfilelist",
			);
			name = "[CP] Embed Pods Frameworks";
			outputFileListPaths = (
				"${PODS_ROOT}/Target Support Files/Pods-CarnivalWallet/Pods-CarnivalWallet-frameworks-${CONFIGURATION}-output-files.xcfilelist",
			);
			runOnlyForDeploymentPostprocessing = 0;
			shellPath = /bin/sh;
			shellScript = "\"${PODS_ROOT}/Target Support Files/Pods-CarnivalWallet/Pods-CarnivalWallet-frameworks.sh\"\n";
			showEnvVarsInLog = 0;
		};
		D9032336EA236D34DE8A5D12 /* [CP] Check Pods Manifest.lock */ = {
			isa = PBXShellScriptBuildPhase;
			buildActionMask = 2147483647;
			files = (
			);
			inputFileListPaths = (
			);
			inputPaths = (
				"${PODS_PODFILE_DIR_PATH}/Podfile.lock",
				"${PODS_ROOT}/Manifest.lock",
			);
			name = "[CP] Check Pods Manifest.lock";
			outputFileListPaths = (
			);
			outputPaths = (
				"$(DERIVED_FILE_DIR)/Pods-CarnivalWalletTests-checkManifestLockResult.txt",
			);
			runOnlyForDeploymentPostprocessing = 0;
			shellPath = /bin/sh;
			shellScript = "diff \"${PODS_PODFILE_DIR_PATH}/Podfile.lock\" \"${PODS_ROOT}/Manifest.lock\" > /dev/null\nif [ $? != 0 ] ; then\n    # print error to STDERR\n    echo \"error: The sandbox is not in sync with the Podfile.lock. Run 'pod install' or update your CocoaPods installation.\" >&2\n    exit 1\nfi\n# This output is used by Xcode 'outputs' to avoid re-running this script phase.\necho \"SUCCESS\" > \"${SCRIPT_OUTPUT_FILE_0}\"\n";
			showEnvVarsInLog = 0;
		};
/* End PBXShellScriptBuildPhase section */

/* Begin PBXSourcesBuildPhase section */
		B6F760BE28FC256B006BEF79 /* Sources */ = {
			isa = PBXSourcesBuildPhase;
			buildActionMask = 2147483647;
			files = (
				B639AE382910180B008F4C72 /* CarnivalWallet.xcdatamodeld in Sources */,
				B647F9D02902FE9500940C3B /* AttributedString+Extensions.swift in Sources */,
				B647F9DE2903125500940C3B /* SideMenuView.swift in Sources */,
				B6F7610528FC278E006BEF79 /* WalletConnectView.swift in Sources */,
				B6B6ED45292326AA0093902A /* ImportTokenView.swift in Sources */,
				B6B80EDB2932183A00995210 /* ERC20Decoder.swift in Sources */,
				B6C204EE2923243800B11E72 /* WalletCoinListItemViewModel.swift in Sources */,
				B647F9E229031E8D00940C3B /* MenuContentView.swift in Sources */,
				B6B80EC62930E6FF00995210 /* GasPriceRequest.swift in Sources */,
				B6F760C628FC256B006BEF79 /* AppDelegate.swift in Sources */,
				B639AE30290D6A0F008F4C72 /* ValidatePhraseViewModel.swift in Sources */,
				B6B80ECC2930EB7100995210 /* NonceProvider.swift in Sources */,
				B6B80EB8292E4F0600995210 /* TransactionViewModel.swift in Sources */,
				B6B80E8229252D9D00995210 /* ScannerView.swift in Sources */,
				B6B80EB4292E4EDA00995210 /* RawData.swift in Sources */,
				B6B6ED472923290D0093902A /* TokenAddressTextField.swift in Sources */,
				B6B11D762912BF7F006F0591 /* WalletInfoView.swift in Sources */,
				B639AE35290D7806008F4C72 /* Coordinator.swift in Sources */,
				B6B80EBA292E53F900995210 /* TransactionView.swift in Sources */,
				B6F7610328FC2781006BEF79 /* BrowserView.swift in Sources */,
				B6B11D7F2913DEC7006F0591 /* AccountViewModel.swift in Sources */,
				B6B11D812913FD9C006F0591 /* AccountUtils.swift in Sources */,
				B6C204D029179E9600B11E72 /* BalanceProvider.swift in Sources */,
				B639AE2A290D252B008F4C72 /* SecurePhraseView.swift in Sources */,
				B639AE0A2908B68E008F4C72 /* Utilities.swift in Sources */,
				B6C204EB292323F400B11E72 /* WalletCoinListItem.swift in Sources */,
				B6B80ED62931F76D00995210 /* TransactionPresenter.swift in Sources */,
				B639AE22290D0E1F008F4C72 /* SencitiveTextField.swift in Sources */,
				B6B80ECE2930EB8000995210 /* EstimateGasProvider.swift in Sources */,
				B647F9D42903056900940C3B /* HomeView.swift in Sources */,
				B6C204C32916510300B11E72 /* BalanceRequest.swift in Sources */,
				B6C204BD2916468900B11E72 /* WalletViewModel.swift in Sources */,
				B6B80E932928AFBC00995210 /* TokenInfoProvider.swift in Sources */,
				B647F9E5290327C700940C3B /* WelcomeView.swift in Sources */,
				B647F9E7290327D800940C3B /* ImportPhraseView.swift in Sources */,
				B647F9ED29032A2A00940C3B /* TextFont.swift in Sources */,
				B6B80EB2292D002D00995210 /* CoinSelectorSheet.swift in Sources */,
				B639AE1A290CFB10008F4C72 /* PasswordInputView.swift in Sources */,
				B6F760C828FC256B006BEF79 /* SceneDelegate.swift in Sources */,
				B639AE4329101BA2008F4C72 /* CoreDataManager.swift in Sources */,
				B639AE2C290D4EB2008F4C72 /* TextButton.swift in Sources */,
				B6B80ED02930EB8900995210 /* GasPriceProvider.swift in Sources */,
				B647F9F529039DCF00940C3B /* String+Extensions.swift in Sources */,
				B6B80E962928AFCD00995210 /* TokenInfo.swift in Sources */,
				B6B80E8029252D2A00995210 /* ScannerViewController.swift in Sources */,
				B647F9D9290310F900940C3B /* View+Extensions.swift in Sources */,
				B6C204E5291C8CBC00B11E72 /* EtherNumberFormatter.swift in Sources */,
				B6B80EA8292BCD7B00995210 /* SendView.swift in Sources */,
				B639AE13290CCB96008F4C72 /* BaseButton.swift in Sources */,
				B647F9E9290327E800940C3B /* CreateWalletView.swift in Sources */,
				B6B80EC22930E40D00995210 /* EstimateGasRequest.swift in Sources */,
				B6C204C029164EDB00B11E72 /* EtherServiceRequest.swift in Sources */,
				B6C204D62917AF1F00B11E72 /* TokenBalanceProvider.swift in Sources */,
				B6C204CA2917993600B11E72 /* CastError.swift in Sources */,
				B639AE0C29098326008F4C72 /* UIScreen+Extension.swift in Sources */,
				B6B11D71291176B7006F0591 /* NetworkMapper.swift in Sources */,
				B6C204D42917AECD00B11E72 /* CallRequest.swift in Sources */,
				B6B11D732912B6BB006F0591 /* IconButton.swift in Sources */,
				B6B80EDD29328F5800995210 /* TransactionCoordinator.swift in Sources */,
				B6B80EB6292E4EE300995210 /* DataType.swift in Sources */,
				B6C204E92923204000B11E72 /* EthereumUnit.swift in Sources */,
				B647F9E0290315B900940C3B /* DeviceSize.swift in Sources */,
				B6B80E982928C42E00995210 /* ImportTokenViewModel.swift in Sources */,
				B647FA042906D23200940C3B /* KeychainManager.swift in Sources */,
				B639AE17290CF5B1008F4C72 /* InitializeWalletViewModel.swift in Sources */,
				B6C204D92917B7E900B11E72 /* ERC20Encoder.swift in Sources */,
				B6C204A92915F35400B11E72 /* MainCoordinator.swift in Sources */,
				B647F9EF29033AA200940C3B /* TextField+Extensions.swift in Sources */,
				B6C204A52915577100B11E72 /* WalletManager.swift in Sources */,
				B6B80EC02930E20100995210 /* NonceRequest.swift in Sources */,
				B6C204B9291640C600B11E72 /* AccountInfoView.swift in Sources */,
				B6B80E9A2928C72700995210 /* ERC20ABIFunction.swift in Sources */,
				B6B80EA4292948ED00995210 /* TokenInfoRow.swift in Sources */,
				B6C204CC29179A7E00B11E72 /* JsonRpcRequest.swift in Sources */,
				B639AE1C290CFB75008F4C72 /* PhraseInputView.swift in Sources */,
				B6C204D22917A5BE00B11E72 /* Session+Extension.swift in Sources */,
				B6B11D782912C008006F0591 /* WalletFiatBalanceView.swift in Sources */,
				B6B80E9C2928CD4300995210 /* ParseError.swift in Sources */,
				B6B80ED22931A9A800995210 /* SendTransactionRequest.swift in Sources */,
				B639AE2E290D6050008F4C72 /* ValidatePhraseView.swift in Sources */,
				B6B80EA6292BC9F000995210 /* TransactionViewController.swift in Sources */,
				B6B80ED42931AA2D00995210 /* SendTransactionProvider.swift in Sources */,
				B639AE042906E051008F4C72 /* Defaults.swift in Sources */,
				B6C204A72915F1EA00B11E72 /* Coin+Extensions.swift in Sources */,
				B6B11D6F2911704E006F0591 /* CoinIconView.swift in Sources */,
				B639AE20290D0A13008F4C72 /* PasswordStrengthUtils.swift in Sources */,
				B6C204BB2916415F00B11E72 /* MenuListView.swift in Sources */,
				B6B11D7C2912C113006F0591 /* WalletCoinList.swift in Sources */,
				B6B80EAF292CF35400995210 /* SendAmountView.swift in Sources */,
				B6B80ED82931F78100995210 /* TransactionViewObject.swift in Sources */,
				B6C204E3291BFCD600B11E72 /* BalanceProviderImpl.swift in Sources */,
				B647FA082906DB8800940C3B /* SecureManager.swift in Sources */,
				B6C204B429162AB300B11E72 /* MenuItem.swift in Sources */,
				B6C204B229162A9C00B11E72 /* MenuSection.swift in Sources */,
				B647F9FF29066FB100940C3B /* UIFont+Extensions.swift in Sources */,
				B6F7610128FC275C006BEF79 /* WalletView.swift in Sources */,
				B6B11D6D29101DA5006F0591 /* AccountEntity+Extensions.swift in Sources */,
				B639AE0E2909869D008F4C72 /* Color+Extension.swift in Sources */,
				B6B80EBE292E7DE200995210 /* DividerView.swift in Sources */,
			);
			runOnlyForDeploymentPostprocessing = 0;
		};
		B6F760D428FC256C006BEF79 /* Sources */ = {
			isa = PBXSourcesBuildPhase;
			buildActionMask = 2147483647;
			files = (
				B6C204E12917FC1900B11E72 /* TestableWallet.swift in Sources */,
				B6F760DD28FC256C006BEF79 /* CarnivalWalletTests.swift in Sources */,
				B6C204E7291C910F00B11E72 /* EtherNumberFormatterTests.swift in Sources */,
				B647F9F929039F2800940C3B /* GenerateSecretPhraseTest.swift in Sources */,
				B6C204C52916532D00B11E72 /* BalanceRequestTests.swift in Sources */,
				B639AE08290829CE008F4C72 /* KeyStoreTest.swift in Sources */,
				B639AE1E290D01A2008F4C72 /* PasswordStrengthTest.swift in Sources */,
				B647F9FB2903BFE400940C3B /* DeriveEthereumAddressTest.swift in Sources */,
			);
			runOnlyForDeploymentPostprocessing = 0;
		};
		B6F760DE28FC256C006BEF79 /* Sources */ = {
			isa = PBXSourcesBuildPhase;
			buildActionMask = 2147483647;
			files = (
				B6F760E728FC256C006BEF79 /* CarnivalWalletUITests.swift in Sources */,
				B6F760E928FC256C006BEF79 /* CarnivalWalletUITestsLaunchTests.swift in Sources */,
			);
			runOnlyForDeploymentPostprocessing = 0;
		};
/* End PBXSourcesBuildPhase section */

/* Begin PBXTargetDependency section */
		B6F760DA28FC256C006BEF79 /* PBXTargetDependency */ = {
			isa = PBXTargetDependency;
			target = B6F760C128FC256B006BEF79 /* CarnivalWallet */;
			targetProxy = B6F760D928FC256C006BEF79 /* PBXContainerItemProxy */;
		};
		B6F760E428FC256C006BEF79 /* PBXTargetDependency */ = {
			isa = PBXTargetDependency;
			target = B6F760C128FC256B006BEF79 /* CarnivalWallet */;
			targetProxy = B6F760E328FC256C006BEF79 /* PBXContainerItemProxy */;
		};
/* End PBXTargetDependency section */

/* Begin PBXVariantGroup section */
		B6F760D028FC256C006BEF79 /* LaunchScreen.storyboard */ = {
			isa = PBXVariantGroup;
			children = (
				B6F760D128FC256C006BEF79 /* Base */,
			);
			name = LaunchScreen.storyboard;
			sourceTree = "<group>";
		};
/* End PBXVariantGroup section */

/* Begin XCBuildConfiguration section */
		B6F760EA28FC256C006BEF79 /* Debug */ = {
			isa = XCBuildConfiguration;
			buildSettings = {
				ALWAYS_SEARCH_USER_PATHS = NO;
				CLANG_ANALYZER_NONNULL = YES;
				CLANG_ANALYZER_NUMBER_OBJECT_CONVERSION = YES_AGGRESSIVE;
				CLANG_CXX_LANGUAGE_STANDARD = "gnu++20";
				CLANG_ENABLE_MODULES = YES;
				CLANG_ENABLE_OBJC_ARC = YES;
				CLANG_ENABLE_OBJC_WEAK = YES;
				CLANG_WARN_BLOCK_CAPTURE_AUTORELEASING = YES;
				CLANG_WARN_BOOL_CONVERSION = YES;
				CLANG_WARN_COMMA = YES;
				CLANG_WARN_CONSTANT_CONVERSION = YES;
				CLANG_WARN_DEPRECATED_OBJC_IMPLEMENTATIONS = YES;
				CLANG_WARN_DIRECT_OBJC_ISA_USAGE = YES_ERROR;
				CLANG_WARN_DOCUMENTATION_COMMENTS = YES;
				CLANG_WARN_EMPTY_BODY = YES;
				CLANG_WARN_ENUM_CONVERSION = YES;
				CLANG_WARN_INFINITE_RECURSION = YES;
				CLANG_WARN_INT_CONVERSION = YES;
				CLANG_WARN_NON_LITERAL_NULL_CONVERSION = YES;
				CLANG_WARN_OBJC_IMPLICIT_RETAIN_SELF = YES;
				CLANG_WARN_OBJC_LITERAL_CONVERSION = YES;
				CLANG_WARN_OBJC_ROOT_CLASS = YES_ERROR;
				CLANG_WARN_QUOTED_INCLUDE_IN_FRAMEWORK_HEADER = YES;
				CLANG_WARN_RANGE_LOOP_ANALYSIS = YES;
				CLANG_WARN_STRICT_PROTOTYPES = YES;
				CLANG_WARN_SUSPICIOUS_MOVE = YES;
				CLANG_WARN_UNGUARDED_AVAILABILITY = YES_AGGRESSIVE;
				CLANG_WARN_UNREACHABLE_CODE = YES;
				CLANG_WARN__DUPLICATE_METHOD_MATCH = YES;
				COPY_PHASE_STRIP = NO;
				DEBUG_INFORMATION_FORMAT = dwarf;
				ENABLE_STRICT_OBJC_MSGSEND = YES;
				ENABLE_TESTABILITY = YES;
				GCC_C_LANGUAGE_STANDARD = gnu11;
				GCC_DYNAMIC_NO_PIC = NO;
				GCC_NO_COMMON_BLOCKS = YES;
				GCC_OPTIMIZATION_LEVEL = 0;
				GCC_PREPROCESSOR_DEFINITIONS = (
					"DEBUG=1",
					"$(inherited)",
				);
				GCC_WARN_64_TO_32_BIT_CONVERSION = YES;
				GCC_WARN_ABOUT_RETURN_TYPE = YES_ERROR;
				GCC_WARN_UNDECLARED_SELECTOR = YES;
				GCC_WARN_UNINITIALIZED_AUTOS = YES_AGGRESSIVE;
				GCC_WARN_UNUSED_FUNCTION = YES;
				GCC_WARN_UNUSED_VARIABLE = YES;
				IPHONEOS_DEPLOYMENT_TARGET = 16.0;
				MTL_ENABLE_DEBUG_INFO = INCLUDE_SOURCE;
				MTL_FAST_MATH = YES;
				ONLY_ACTIVE_ARCH = YES;
				SDKROOT = iphoneos;
				SWIFT_ACTIVE_COMPILATION_CONDITIONS = DEBUG;
				SWIFT_OPTIMIZATION_LEVEL = "-Onone";
			};
			name = Debug;
		};
		B6F760EB28FC256C006BEF79 /* Release */ = {
			isa = XCBuildConfiguration;
			buildSettings = {
				ALWAYS_SEARCH_USER_PATHS = NO;
				CLANG_ANALYZER_NONNULL = YES;
				CLANG_ANALYZER_NUMBER_OBJECT_CONVERSION = YES_AGGRESSIVE;
				CLANG_CXX_LANGUAGE_STANDARD = "gnu++20";
				CLANG_ENABLE_MODULES = YES;
				CLANG_ENABLE_OBJC_ARC = YES;
				CLANG_ENABLE_OBJC_WEAK = YES;
				CLANG_WARN_BLOCK_CAPTURE_AUTORELEASING = YES;
				CLANG_WARN_BOOL_CONVERSION = YES;
				CLANG_WARN_COMMA = YES;
				CLANG_WARN_CONSTANT_CONVERSION = YES;
				CLANG_WARN_DEPRECATED_OBJC_IMPLEMENTATIONS = YES;
				CLANG_WARN_DIRECT_OBJC_ISA_USAGE = YES_ERROR;
				CLANG_WARN_DOCUMENTATION_COMMENTS = YES;
				CLANG_WARN_EMPTY_BODY = YES;
				CLANG_WARN_ENUM_CONVERSION = YES;
				CLANG_WARN_INFINITE_RECURSION = YES;
				CLANG_WARN_INT_CONVERSION = YES;
				CLANG_WARN_NON_LITERAL_NULL_CONVERSION = YES;
				CLANG_WARN_OBJC_IMPLICIT_RETAIN_SELF = YES;
				CLANG_WARN_OBJC_LITERAL_CONVERSION = YES;
				CLANG_WARN_OBJC_ROOT_CLASS = YES_ERROR;
				CLANG_WARN_QUOTED_INCLUDE_IN_FRAMEWORK_HEADER = YES;
				CLANG_WARN_RANGE_LOOP_ANALYSIS = YES;
				CLANG_WARN_STRICT_PROTOTYPES = YES;
				CLANG_WARN_SUSPICIOUS_MOVE = YES;
				CLANG_WARN_UNGUARDED_AVAILABILITY = YES_AGGRESSIVE;
				CLANG_WARN_UNREACHABLE_CODE = YES;
				CLANG_WARN__DUPLICATE_METHOD_MATCH = YES;
				COPY_PHASE_STRIP = NO;
				DEBUG_INFORMATION_FORMAT = "dwarf-with-dsym";
				ENABLE_NS_ASSERTIONS = NO;
				ENABLE_STRICT_OBJC_MSGSEND = YES;
				GCC_C_LANGUAGE_STANDARD = gnu11;
				GCC_NO_COMMON_BLOCKS = YES;
				GCC_WARN_64_TO_32_BIT_CONVERSION = YES;
				GCC_WARN_ABOUT_RETURN_TYPE = YES_ERROR;
				GCC_WARN_UNDECLARED_SELECTOR = YES;
				GCC_WARN_UNINITIALIZED_AUTOS = YES_AGGRESSIVE;
				GCC_WARN_UNUSED_FUNCTION = YES;
				GCC_WARN_UNUSED_VARIABLE = YES;
				IPHONEOS_DEPLOYMENT_TARGET = 16.0;
				MTL_ENABLE_DEBUG_INFO = NO;
				MTL_FAST_MATH = YES;
				SDKROOT = iphoneos;
				SWIFT_COMPILATION_MODE = wholemodule;
				SWIFT_OPTIMIZATION_LEVEL = "-O";
				VALIDATE_PRODUCT = YES;
			};
			name = Release;
		};
		B6F760ED28FC256C006BEF79 /* Debug */ = {
			isa = XCBuildConfiguration;
			baseConfigurationReference = AC2F7F2F58EB14B89FB398B1 /* Pods-CarnivalWallet.debug.xcconfig */;
			buildSettings = {
				ASSETCATALOG_COMPILER_APPICON_NAME = AppIcon;
				ASSETCATALOG_COMPILER_GLOBAL_ACCENT_COLOR_NAME = AccentColor;
				CODE_SIGN_STYLE = Automatic;
				CURRENT_PROJECT_VERSION = 1;
				DEVELOPMENT_TEAM = 83AH7T8DV5;
				GENERATE_INFOPLIST_FILE = YES;
				INFOPLIST_FILE = CarnivalWallet/Info.plist;
				INFOPLIST_KEY_NSFaceIDUsageDescription = "Please enable FaceID for futher authentication.";
				INFOPLIST_KEY_UIApplicationSupportsIndirectInputEvents = YES;
				INFOPLIST_KEY_UILaunchStoryboardName = LaunchScreen;
				INFOPLIST_KEY_UISupportedInterfaceOrientations = UIInterfaceOrientationPortrait;
				LD_RUNPATH_SEARCH_PATHS = (
					"$(inherited)",
					"@executable_path/Frameworks",
				);
				MARKETING_VERSION = 1.0;
				PRODUCT_BUNDLE_IDENTIFIER = Carnival.CarnivalWallet;
				PRODUCT_NAME = "$(TARGET_NAME)";
				SWIFT_EMIT_LOC_STRINGS = YES;
				SWIFT_VERSION = 5.0;
				TARGETED_DEVICE_FAMILY = "1,2";
			};
			name = Debug;
		};
		B6F760EE28FC256C006BEF79 /* Release */ = {
			isa = XCBuildConfiguration;
			baseConfigurationReference = F1A453C7A633783EB56D7E83 /* Pods-CarnivalWallet.release.xcconfig */;
			buildSettings = {
				ASSETCATALOG_COMPILER_APPICON_NAME = AppIcon;
				ASSETCATALOG_COMPILER_GLOBAL_ACCENT_COLOR_NAME = AccentColor;
				CODE_SIGN_STYLE = Automatic;
				CURRENT_PROJECT_VERSION = 1;
				DEVELOPMENT_TEAM = 83AH7T8DV5;
				GENERATE_INFOPLIST_FILE = YES;
				INFOPLIST_FILE = CarnivalWallet/Info.plist;
				INFOPLIST_KEY_NSFaceIDUsageDescription = "Please enable FaceID for futher authentication.";
				INFOPLIST_KEY_UIApplicationSupportsIndirectInputEvents = YES;
				INFOPLIST_KEY_UILaunchStoryboardName = LaunchScreen;
				INFOPLIST_KEY_UISupportedInterfaceOrientations = UIInterfaceOrientationPortrait;
				LD_RUNPATH_SEARCH_PATHS = (
					"$(inherited)",
					"@executable_path/Frameworks",
				);
				MARKETING_VERSION = 1.0;
				PRODUCT_BUNDLE_IDENTIFIER = Carnival.CarnivalWallet;
				PRODUCT_NAME = "$(TARGET_NAME)";
				SWIFT_EMIT_LOC_STRINGS = YES;
				SWIFT_VERSION = 5.0;
				TARGETED_DEVICE_FAMILY = "1,2";
			};
			name = Release;
		};
		B6F760F028FC256C006BEF79 /* Debug */ = {
			isa = XCBuildConfiguration;
			baseConfigurationReference = 0877E698CF081EFAA56E35AC /* Pods-CarnivalWalletTests.debug.xcconfig */;
			buildSettings = {
				ALWAYS_EMBED_SWIFT_STANDARD_LIBRARIES = YES;
				BUNDLE_LOADER = "$(TEST_HOST)";
				CODE_SIGN_STYLE = Automatic;
				CURRENT_PROJECT_VERSION = 1;
				DEVELOPMENT_TEAM = 83AH7T8DV5;
				GENERATE_INFOPLIST_FILE = YES;
				IPHONEOS_DEPLOYMENT_TARGET = 16.0;
				MARKETING_VERSION = 1.0;
				PRODUCT_BUNDLE_IDENTIFIER = Carnival.CarnivalWalletTests;
				PRODUCT_NAME = "$(TARGET_NAME)";
				SWIFT_EMIT_LOC_STRINGS = NO;
				SWIFT_VERSION = 5.0;
				TARGETED_DEVICE_FAMILY = "1,2";
				TEST_HOST = "$(BUILT_PRODUCTS_DIR)/CarnivalWallet.app/$(BUNDLE_EXECUTABLE_FOLDER_PATH)/CarnivalWallet";
			};
			name = Debug;
		};
		B6F760F128FC256C006BEF79 /* Release */ = {
			isa = XCBuildConfiguration;
			baseConfigurationReference = 44E82EA0172E069042F2835A /* Pods-CarnivalWalletTests.release.xcconfig */;
			buildSettings = {
				ALWAYS_EMBED_SWIFT_STANDARD_LIBRARIES = YES;
				BUNDLE_LOADER = "$(TEST_HOST)";
				CODE_SIGN_STYLE = Automatic;
				CURRENT_PROJECT_VERSION = 1;
				DEVELOPMENT_TEAM = 83AH7T8DV5;
				GENERATE_INFOPLIST_FILE = YES;
				IPHONEOS_DEPLOYMENT_TARGET = 16.0;
				MARKETING_VERSION = 1.0;
				PRODUCT_BUNDLE_IDENTIFIER = Carnival.CarnivalWalletTests;
				PRODUCT_NAME = "$(TARGET_NAME)";
				SWIFT_EMIT_LOC_STRINGS = NO;
				SWIFT_VERSION = 5.0;
				TARGETED_DEVICE_FAMILY = "1,2";
				TEST_HOST = "$(BUILT_PRODUCTS_DIR)/CarnivalWallet.app/$(BUNDLE_EXECUTABLE_FOLDER_PATH)/CarnivalWallet";
			};
			name = Release;
		};
		B6F760F328FC256C006BEF79 /* Debug */ = {
			isa = XCBuildConfiguration;
			baseConfigurationReference = 896EBA476A691B7544CCDF74 /* Pods-CarnivalWallet-CarnivalWalletUITests.debug.xcconfig */;
			buildSettings = {
				ALWAYS_EMBED_SWIFT_STANDARD_LIBRARIES = YES;
				CODE_SIGN_STYLE = Automatic;
				CURRENT_PROJECT_VERSION = 1;
				DEVELOPMENT_TEAM = 83AH7T8DV5;
				GENERATE_INFOPLIST_FILE = YES;
				MARKETING_VERSION = 1.0;
				PRODUCT_BUNDLE_IDENTIFIER = Carnival.CarnivalWalletUITests;
				PRODUCT_NAME = "$(TARGET_NAME)";
				SWIFT_EMIT_LOC_STRINGS = NO;
				SWIFT_VERSION = 5.0;
				TARGETED_DEVICE_FAMILY = "1,2";
				TEST_TARGET_NAME = CarnivalWallet;
			};
			name = Debug;
		};
		B6F760F428FC256C006BEF79 /* Release */ = {
			isa = XCBuildConfiguration;
			baseConfigurationReference = 929FAF3B8D6B7FB9526A69A9 /* Pods-CarnivalWallet-CarnivalWalletUITests.release.xcconfig */;
			buildSettings = {
				ALWAYS_EMBED_SWIFT_STANDARD_LIBRARIES = YES;
				CODE_SIGN_STYLE = Automatic;
				CURRENT_PROJECT_VERSION = 1;
				DEVELOPMENT_TEAM = 83AH7T8DV5;
				GENERATE_INFOPLIST_FILE = YES;
				MARKETING_VERSION = 1.0;
				PRODUCT_BUNDLE_IDENTIFIER = Carnival.CarnivalWalletUITests;
				PRODUCT_NAME = "$(TARGET_NAME)";
				SWIFT_EMIT_LOC_STRINGS = NO;
				SWIFT_VERSION = 5.0;
				TARGETED_DEVICE_FAMILY = "1,2";
				TEST_TARGET_NAME = CarnivalWallet;
			};
			name = Release;
		};
/* End XCBuildConfiguration section */

/* Begin XCConfigurationList section */
		B6F760BD28FC256B006BEF79 /* Build configuration list for PBXProject "CarnivalWallet" */ = {
			isa = XCConfigurationList;
			buildConfigurations = (
				B6F760EA28FC256C006BEF79 /* Debug */,
				B6F760EB28FC256C006BEF79 /* Release */,
			);
			defaultConfigurationIsVisible = 0;
			defaultConfigurationName = Release;
		};
		B6F760EC28FC256C006BEF79 /* Build configuration list for PBXNativeTarget "CarnivalWallet" */ = {
			isa = XCConfigurationList;
			buildConfigurations = (
				B6F760ED28FC256C006BEF79 /* Debug */,
				B6F760EE28FC256C006BEF79 /* Release */,
			);
			defaultConfigurationIsVisible = 0;
			defaultConfigurationName = Release;
		};
		B6F760EF28FC256C006BEF79 /* Build configuration list for PBXNativeTarget "CarnivalWalletTests" */ = {
			isa = XCConfigurationList;
			buildConfigurations = (
				B6F760F028FC256C006BEF79 /* Debug */,
				B6F760F128FC256C006BEF79 /* Release */,
			);
			defaultConfigurationIsVisible = 0;
			defaultConfigurationName = Release;
		};
		B6F760F228FC256C006BEF79 /* Build configuration list for PBXNativeTarget "CarnivalWalletUITests" */ = {
			isa = XCConfigurationList;
			buildConfigurations = (
				B6F760F328FC256C006BEF79 /* Debug */,
				B6F760F428FC256C006BEF79 /* Release */,
			);
			defaultConfigurationIsVisible = 0;
			defaultConfigurationName = Release;
		};
/* End XCConfigurationList section */

/* Begin XCVersionGroup section */
		B639AE362910180B008F4C72 /* CarnivalWallet.xcdatamodeld */ = {
			isa = XCVersionGroup;
			children = (
				B639AE372910180B008F4C72 /* CarnivalWallet.xcdatamodel */,
			);
			currentVersion = B639AE372910180B008F4C72 /* CarnivalWallet.xcdatamodel */;
			path = CarnivalWallet.xcdatamodeld;
			sourceTree = "<group>";
			versionGroupType = wrapper.xcdatamodel;
		};
/* End XCVersionGroup section */
	};
	rootObject = B6F760BA28FC256B006BEF79 /* Project object */;
}
